// !$*UTF8*$!
{
	archiveVersion = 1;
	classes = {
	};
	objectVersion = 77;
	objects = {

/* Begin PBXBuildFile section */
		011EC0800BD16E6E12A19C75 /* QuickCaptureWidget.swift in Sources */ = {isa = PBXBuildFile; fileRef = D500417E44CF650FFFE81725 /* QuickCaptureWidget.swift */; };
		0B0838088C5D50C114FA354E /* FilterSheetView.swift in Sources */ = {isa = PBXBuildFile; fileRef = 094148DD18643D4EAAAA4D87 /* FilterSheetView.swift */; };
		0B1A4BDC2D3A66817BCA988C /* CategoryDefinitions.swift in Sources */ = {isa = PBXBuildFile; fileRef = 0EE4CA010A91BADC300C52B6 /* CategoryDefinitions.swift */; };
		0D9FEB21BB46E73DF968450C /* BinaryCuriousShortcuts.swift in Sources */ = {isa = PBXBuildFile; fileRef = 23901966051D8F6BF36BC1A6 /* BinaryCuriousShortcuts.swift */; };
		0E4A61FFBC8FB789F455EEC5 /* CategoryBreakdownView.swift in Sources */ = {isa = PBXBuildFile; fileRef = 3D7E3FE4D6BEF96FC9D18500 /* CategoryBreakdownView.swift */; };
		13B0F055673C84E59F38A6B6 /* ChallengeListView.swift in Sources */ = {isa = PBXBuildFile; fileRef = 95F8AAC496FF697BDBB75941 /* ChallengeListView.swift */; };
		19B3CF49967E9AF48640CDF5 /* NotificationService.swift in Sources */ = {isa = PBXBuildFile; fileRef = CB4B44A0F108ABF51761FE68 /* NotificationService.swift */; };
		19F3F54A89A6DD9D46AAF589 /* OCRService.swift in Sources */ = {isa = PBXBuildFile; fileRef = AABA8D96085759361D9F92E7 /* OCRService.swift */; };
		1A27C3C4C809461493C98D81 /* SightingListView.swift in Sources */ = {isa = PBXBuildFile; fileRef = 3497B2DEFD7D37ADB2248A2D /* SightingListView.swift */; };
		1F08DA862029EFF38BD3BF77 /* Tag.swift in Sources */ = {isa = PBXBuildFile; fileRef = CC18CE064119E8A15B16FF9E /* Tag.swift */; };
		204F8529DFE662FFBEC57DFD /* LibraryScannerService.swift in Sources */ = {isa = PBXBuildFile; fileRef = 352FC3FC12B3C78F53706A98 /* LibraryScannerService.swift */; };
		2195981148267031E8474EC9 /* BinaryCuriousApp.swift in Sources */ = {isa = PBXBuildFile; fileRef = 0BD42F54B0237D057AF87129 /* BinaryCuriousApp.swift */; };
		219D358ABAE253985E0B928E /* BinaryCuriousWidgets.swift in Sources */ = {isa = PBXBuildFile; fileRef = C45BFBC740E82278E6626533 /* BinaryCuriousWidgets.swift */; };
		26C673A79A80BC4F3CFEF438 /* CameraService.swift in Sources */ = {isa = PBXBuildFile; fileRef = B674AAA01AE43635FDB53B02 /* CameraService.swift */; };
		2C644172CEABB491B5E74F2D /* AlbumDetailView.swift in Sources */ = {isa = PBXBuildFile; fileRef = C34DEE619A0FFA3B620311C1 /* AlbumDetailView.swift */; };
		2CFED782586DF86C620FFCCC /* Challenge.swift in Sources */ = {isa = PBXBuildFile; fileRef = 6785F8C4B5170475C3567ADD /* Challenge.swift */; };
		329371225C76CA67C701CEF5 /* ChallengeEngine.swift in Sources */ = {isa = PBXBuildFile; fileRef = E17F956938F7709A7607AD33 /* ChallengeEngine.swift */; };
		32CEAB2AFBFA18B9095B8AC7 /* WidgetData.swift in Sources */ = {isa = PBXBuildFile; fileRef = 472B33D6D45CD8847F739158 /* WidgetData.swift */; };
		37FBA959EDD2F4DD6FFA9B15 /* AchievementEngine.swift in Sources */ = {isa = PBXBuildFile; fileRef = 7E7AAC53F98DFF31F637873E /* AchievementEngine.swift */; };
		38147F946501B9D7EC7DCDC8 /* AlbumListView.swift in Sources */ = {isa = PBXBuildFile; fileRef = F4243D3F4C6C9A8A3AC52102 /* AlbumListView.swift */; };
		39049603B6B1606F4B459AFC /* AchievementsView.swift in Sources */ = {isa = PBXBuildFile; fileRef = 815778D04D4C0AEC59EAC11B /* AchievementsView.swift */; };
		3BA0D2CCBBF33CE5B667AF7A /* HeatmapView.swift in Sources */ = {isa = PBXBuildFile; fileRef = 11EB3B84E9B9D457D748EADF /* HeatmapView.swift */; };
		3D6D2E01E784987E127E5FB1 /* OnThisDayView.swift in Sources */ = {isa = PBXBuildFile; fileRef = E650CCF68385F3C59A51991F /* OnThisDayView.swift */; };
		40E8542AC9A90077472E1006 /* Color+Theme.swift in Sources */ = {isa = PBXBuildFile; fileRef = 400C44BFFD83A899FC0F324F /* Color+Theme.swift */; };
		43F3DEBA404AFDF493C8EF33 /* Achievement.swift in Sources */ = {isa = PBXBuildFile; fileRef = 98DDF25D6FEF2EC3D26F5663 /* Achievement.swift */; };
		456EFAFF5308AA97D5D4F2FB /* WidgetDataService.swift in Sources */ = {isa = PBXBuildFile; fileRef = D6F107B8F4326760535D2378 /* WidgetDataService.swift */; };
		45F6CC550E0EA5D5A183AC3D /* CameraPreviewView.swift in Sources */ = {isa = PBXBuildFile; fileRef = D287D514436CC04ED67E76FF /* CameraPreviewView.swift */; };
		46F10B4C073B4F4D44828602 /* OCRSettingsView.swift in Sources */ = {isa = PBXBuildFile; fileRef = CBF17874166B8397C6064273 /* OCRSettingsView.swift */; };
		58A14D738B3F75387421A5B5 /* ShareViewController.swift in Sources */ = {isa = PBXBuildFile; fileRef = 7D654399EF5ECA16619F9FE5 /* ShareViewController.swift */; };
		5A9154D27B0650C28A4552C7 /* UserProfile.swift in Sources */ = {isa = PBXBuildFile; fileRef = 962761824581606F53537E3D /* UserProfile.swift */; };
		5CC5EE5AE62480B7CEB5B043 /* CalendarHeatmapView.swift in Sources */ = {isa = PBXBuildFile; fileRef = CA92C7ED40AF03C507F81EDB /* CalendarHeatmapView.swift */; };
		5CD4A064B62084580B813777 /* StatsCalculator.swift in Sources */ = {isa = PBXBuildFile; fileRef = FBB3A68AC4EDA1BCAA85B612 /* StatsCalculator.swift */; };
		5D40EDB6BE24FACEF4D6ABC1 /* RarityCalculator.swift in Sources */ = {isa = PBXBuildFile; fileRef = B08149271178F4875019EE97 /* RarityCalculator.swift */; };
		5E92FB6503922539B569D051 /* NumberSelectionView.swift in Sources */ = {isa = PBXBuildFile; fileRef = F49F19597111CC629A4A41CD /* NumberSelectionView.swift */; };
		60E3C995F9E16AC5CFCE05CA /* Album.swift in Sources */ = {isa = PBXBuildFile; fileRef = E0F3EFC7BC5D734E1259566B /* Album.swift */; };
		660B909571D590AA4CE66E48 /* TrackedNumberService.swift in Sources */ = {isa = PBXBuildFile; fileRef = 577AFC0A9959946421A42D3B /* TrackedNumberService.swift */; };
		673140BB7C7BA0E903650A08 /* CameraControlsView.swift in Sources */ = {isa = PBXBuildFile; fileRef = ADA2A3E7192DA6F50AF7153C /* CameraControlsView.swift */; };
		69D94F35A10214A45650C335 /* DetectionOverlayView.swift in Sources */ = {isa = PBXBuildFile; fileRef = A571964C5A711F84FAE11CEC /* DetectionOverlayView.swift */; };
		6E13B1B65476F9694F2E8805 /* PhotoReviewView.swift in Sources */ = {isa = PBXBuildFile; fileRef = EA9FCDCBC6F495A3CD5B52B9 /* PhotoReviewView.swift */; };
		7980C00270AA3F7AAF7586BD /* SettingsView.swift in Sources */ = {isa = PBXBuildFile; fileRef = D041A9F4571D493936F8F063 /* SettingsView.swift */; };
		7B477A279A15288392F7044D /* LocationService.swift in Sources */ = {isa = PBXBuildFile; fileRef = 513D8833AD2E94A6F1B867B3 /* LocationService.swift */; };
		7DEAD5D909A25FE73307339F /* OnboardingScanOfferView.swift in Sources */ = {isa = PBXBuildFile; fileRef = 6299C0723582C1C4DCF1CB74 /* OnboardingScanOfferView.swift */; };
		889DF785DA013655905ECC67 /* MetadataFormView.swift in Sources */ = {isa = PBXBuildFile; fileRef = A94FEEAED4FD55B0717449A8 /* MetadataFormView.swift */; };
		89E666F3250604CD6275C8E1 /* LiveDetectorService.swift in Sources */ = {isa = PBXBuildFile; fileRef = B7E1D210B91B80C7B9288916 /* LiveDetectorService.swift */; };
		8B6C651E3929FF926B3576AF /* AlbumFormView.swift in Sources */ = {isa = PBXBuildFile; fileRef = D2F51D90A4B78CB3EF37A19A /* AlbumFormView.swift */; };
		8CACAF4C3EB8DDB3C9945125 /* Constants.swift in Sources */ = {isa = PBXBuildFile; fileRef = 78AD8B461BC9A17CA328F76A /* Constants.swift */; };
		8DDF72CE04196E53D2FD2D2B /* Assets.xcassets in Resources */ = {isa = PBXBuildFile; fileRef = 9AAEC2AFFC05532AE9FF939F /* Assets.xcassets */; };
		954858970191400DB3D9BBEF /* PendingSightingService.swift in Sources */ = {isa = PBXBuildFile; fileRef = 8FCE3121C12291DEB40431EF /* PendingSightingService.swift */; };
		959382FAD8C2D085FD21DB62 /* Date+Formatting.swift in Sources */ = {isa = PBXBuildFile; fileRef = 6AC98B58E10183DD3D19ABA5 /* Date+Formatting.swift */; };
		95EF4ED5829903681F9954AC /* SightingRowView.swift in Sources */ = {isa = PBXBuildFile; fileRef = BDC303E42915DB980FEBCB66 /* SightingRowView.swift */; };
		9FA4DC98932E7866C8809A31 /* CaptureView.swift in Sources */ = {isa = PBXBuildFile; fileRef = 87E08D5BB87795190E3E2F65 /* CaptureView.swift */; };
		A557540183ED41CAD13E6B8C /* ImageStorageService.swift in Sources */ = {isa = PBXBuildFile; fileRef = EE9514F0DE5565179E230A95 /* ImageStorageService.swift */; };
		AAF07FE41F4883215B4EDA3C /* WrappedView.swift in Sources */ = {isa = PBXBuildFile; fileRef = 8352F1B6B9F146FFDC193228 /* WrappedView.swift */; };
		ABB4192CB98199A2A9894C9E /* Constants.swift in Sources */ = {isa = PBXBuildFile; fileRef = 78AD8B461BC9A17CA328F76A /* Constants.swift */; };
		AD0E7BC5941ACFD936716175 /* TimeCapsule.swift in Sources */ = {isa = PBXBuildFile; fileRef = CE438DC46451C78F74AA79A6 /* TimeCapsule.swift */; };
		AF8DA6536F968465262BE575 /* ScanResultCard.swift in Sources */ = {isa = PBXBuildFile; fileRef = B454398091976EC31E4AD4EC /* ScanResultCard.swift */; };
		B84EDA00EF9E549FD8F79555 /* BinaryCuriousShareExtension.appex in Embed Foundation Extensions */ = {isa = PBXBuildFile; fileRef = E7CE536E5ADA998E7CCCFEE8 /* BinaryCuriousShareExtension.appex */; settings = {ATTRIBUTES = (RemoveHeadersOnCopy, ); }; };
		B9D4D5BC9E247E8B563D7B4B /* AchievementDefinitions.swift in Sources */ = {isa = PBXBuildFile; fileRef = 0A4C78472B72C72C90D84EA7 /* AchievementDefinitions.swift */; };
		BA413DB7B0732412D7E15501 /* SightingEditView.swift in Sources */ = {isa = PBXBuildFile; fileRef = C9876293188B1906C6372AAC /* SightingEditView.swift */; };
		BED6B8D3BE28E6247F2C2DF1 /* StatsOverviewView.swift in Sources */ = {isa = PBXBuildFile; fileRef = 6712F034C8116402C730144C /* StatsOverviewView.swift */; };
		C81BFD5682DCE7B27C79124B /* ShareExtensionView.swift in Sources */ = {isa = PBXBuildFile; fileRef = D5336D534ADC4780BADBA620 /* ShareExtensionView.swift */; };
		DBBF43E4789044586A7989D7 /* Sighting.swift in Sources */ = {isa = PBXBuildFile; fileRef = 2E4884CA88D2D9FEB942187D /* Sighting.swift */; };
		DEA3DE089C72592E8ECFC883 /* SightingDetailView.swift in Sources */ = {isa = PBXBuildFile; fileRef = 4E2981F0D88FDC3BA2A9F552 /* SightingDetailView.swift */; };
		E21BEFD4BA8244C2433D98BE /* SightingThumbnailView.swift in Sources */ = {isa = PBXBuildFile; fileRef = 6CD487AB20BB158653FF20D2 /* SightingThumbnailView.swift */; };
		E38176D83E16962A7DB6BDE9 /* MonthlyDigestView.swift in Sources */ = {isa = PBXBuildFile; fileRef = B736CA3FFCD60ECF5FB3F0B0 /* MonthlyDigestView.swift */; };
		E6BFE03F9B0F4BED0AC0BFF9 /* PreviewSampleData.swift in Sources */ = {isa = PBXBuildFile; fileRef = D09BFCD05D2097DD5AAC9DEF /* PreviewSampleData.swift */; };
		E6C78B67E183F0DCD4397A4E /* PendingSightingService.swift in Sources */ = {isa = PBXBuildFile; fileRef = 8FCE3121C12291DEB40431EF /* PendingSightingService.swift */; };
		E963DA10C9A5EE74AA6165CD /* StreakWidget.swift in Sources */ = {isa = PBXBuildFile; fileRef = F35938D25351A4A024416683 /* StreakWidget.swift */; };
		F070833F72FD50127C6212DC /* RecentSightingWidget.swift in Sources */ = {isa = PBXBuildFile; fileRef = AFA2B44FA8554E1CCCFCCFE8 /* RecentSightingWidget.swift */; };
		F27F8FA635D0D7107D1271BB /* ContentView.swift in Sources */ = {isa = PBXBuildFile; fileRef = 9B558AA610DD88C74498D321 /* ContentView.swift */; };
		F5DF5B83F83057C21DA3D2CF /* ChallengeTemplates.swift in Sources */ = {isa = PBXBuildFile; fileRef = BB6FF06E2080A7B4FFFDC78F /* ChallengeTemplates.swift */; };
		F6BB604E30F1B9FC7C48C90E /* CountWidget.swift in Sources */ = {isa = PBXBuildFile; fileRef = 5261165375845484D4FD3259 /* CountWidget.swift */; };
		F89CA9B322C5C48F982A1952 /* NotificationSettingsView.swift in Sources */ = {isa = PBXBuildFile; fileRef = 685FECD70451E3B1F79E84BA /* NotificationSettingsView.swift */; };
		F900A906FE9388AFAB6997E6 /* AppTab.swift in Sources */ = {isa = PBXBuildFile; fileRef = 99E4EE5D17A542F3000C1723 /* AppTab.swift */; };
		F917B7C85DC3DA435F5C9DC7 /* BinaryCuriousWidget.appex in Embed Foundation Extensions */ = {isa = PBXBuildFile; fileRef = E3B6C65020881E8015DEBB14 /* BinaryCuriousWidget.appex */; settings = {ATTRIBUTES = (RemoveHeadersOnCopy, ); }; };
		F9DBB943903213B7B8CA4BE3 /* LibraryScannerView.swift in Sources */ = {isa = PBXBuildFile; fileRef = 76AA0FD4A9550B300B73D106 /* LibraryScannerView.swift */; };
		FFCB588A8631DE2B3304DE12 /* LiveDetectorView.swift in Sources */ = {isa = PBXBuildFile; fileRef = 1AF69D5B2C248CC054B2994C /* LiveDetectorView.swift */; };
/* End PBXBuildFile section */

/* Begin PBXContainerItemProxy section */
		6545E1471F34E07DE84E298E /* PBXContainerItemProxy */ = {
			isa = PBXContainerItemProxy;
			containerPortal = B9ED8879124D8C50671AF524 /* Project object */;
			proxyType = 1;
			remoteGlobalIDString = F84426D400D11287F28ABC74;
			remoteInfo = BinaryCuriousWidget;
		};
		E9555E4CAB3AD577B915DB5E /* PBXContainerItemProxy */ = {
			isa = PBXContainerItemProxy;
			containerPortal = B9ED8879124D8C50671AF524 /* Project object */;
			proxyType = 1;
			remoteGlobalIDString = 883F87EFC66049521372A6E4;
			remoteInfo = BinaryCuriousShareExtension;
		};
/* End PBXContainerItemProxy section */

/* Begin PBXCopyFilesBuildPhase section */
		340CCFA899CE6DCB3AA67CFE /* Embed Foundation Extensions */ = {
			isa = PBXCopyFilesBuildPhase;
			buildActionMask = 2147483647;
			dstPath = "";
			dstSubfolderSpec = 13;
			files = (
				F917B7C85DC3DA435F5C9DC7 /* BinaryCuriousWidget.appex in Embed Foundation Extensions */,
				B84EDA00EF9E549FD8F79555 /* BinaryCuriousShareExtension.appex in Embed Foundation Extensions */,
			);
			name = "Embed Foundation Extensions";
			runOnlyForDeploymentPostprocessing = 0;
		};
/* End PBXCopyFilesBuildPhase section */

/* Begin PBXFileReference section */
		094148DD18643D4EAAAA4D87 /* FilterSheetView.swift */ = {isa = PBXFileReference; lastKnownFileType = sourcecode.swift; path = FilterSheetView.swift; sourceTree = "<group>"; };
		0A4C78472B72C72C90D84EA7 /* AchievementDefinitions.swift */ = {isa = PBXFileReference; lastKnownFileType = sourcecode.swift; path = AchievementDefinitions.swift; sourceTree = "<group>"; };
		0A98CB939FFCCBE870D46A74 /* BinaryCurious.app */ = {isa = PBXFileReference; includeInIndex = 0; lastKnownFileType = wrapper.application; path = BinaryCurious.app; sourceTree = BUILT_PRODUCTS_DIR; };
		0BD42F54B0237D057AF87129 /* BinaryCuriousApp.swift */ = {isa = PBXFileReference; lastKnownFileType = sourcecode.swift; path = BinaryCuriousApp.swift; sourceTree = "<group>"; };
		0EE4CA010A91BADC300C52B6 /* CategoryDefinitions.swift */ = {isa = PBXFileReference; lastKnownFileType = sourcecode.swift; path = CategoryDefinitions.swift; sourceTree = "<group>"; };
		11EB3B84E9B9D457D748EADF /* HeatmapView.swift */ = {isa = PBXFileReference; lastKnownFileType = sourcecode.swift; path = HeatmapView.swift; sourceTree = "<group>"; };
		1AB6B438D806572C9DDA1519 /* Info.plist */ = {isa = PBXFileReference; lastKnownFileType = text.plist; path = Info.plist; sourceTree = "<group>"; };
		1AF69D5B2C248CC054B2994C /* LiveDetectorView.swift */ = {isa = PBXFileReference; lastKnownFileType = sourcecode.swift; path = LiveDetectorView.swift; sourceTree = "<group>"; };
		23901966051D8F6BF36BC1A6 /* BinaryCuriousShortcuts.swift */ = {isa = PBXFileReference; lastKnownFileType = sourcecode.swift; path = BinaryCuriousShortcuts.swift; sourceTree = "<group>"; };
		27BCD05A6CB37CD159018913 /* BinaryCuriousShareExtension.entitlements */ = {isa = PBXFileReference; lastKnownFileType = text.plist.entitlements; path = BinaryCuriousShareExtension.entitlements; sourceTree = "<group>"; };
		2E4884CA88D2D9FEB942187D /* Sighting.swift */ = {isa = PBXFileReference; lastKnownFileType = sourcecode.swift; path = Sighting.swift; sourceTree = "<group>"; };
		3497B2DEFD7D37ADB2248A2D /* SightingListView.swift */ = {isa = PBXFileReference; lastKnownFileType = sourcecode.swift; path = SightingListView.swift; sourceTree = "<group>"; };
		352FC3FC12B3C78F53706A98 /* LibraryScannerService.swift */ = {isa = PBXFileReference; lastKnownFileType = sourcecode.swift; path = LibraryScannerService.swift; sourceTree = "<group>"; };
		3D7E3FE4D6BEF96FC9D18500 /* CategoryBreakdownView.swift */ = {isa = PBXFileReference; lastKnownFileType = sourcecode.swift; path = CategoryBreakdownView.swift; sourceTree = "<group>"; };
		400C44BFFD83A899FC0F324F /* Color+Theme.swift */ = {isa = PBXFileReference; lastKnownFileType = sourcecode.swift; path = "Color+Theme.swift"; sourceTree = "<group>"; };
		472B33D6D45CD8847F739158 /* WidgetData.swift */ = {isa = PBXFileReference; lastKnownFileType = sourcecode.swift; path = WidgetData.swift; sourceTree = "<group>"; };
		4DD81AE8D3BD03A2F3730FB7 /* Info.plist */ = {isa = PBXFileReference; lastKnownFileType = text.plist; path = Info.plist; sourceTree = "<group>"; };
		4E2981F0D88FDC3BA2A9F552 /* SightingDetailView.swift */ = {isa = PBXFileReference; lastKnownFileType = sourcecode.swift; path = SightingDetailView.swift; sourceTree = "<group>"; };
		513D8833AD2E94A6F1B867B3 /* LocationService.swift */ = {isa = PBXFileReference; lastKnownFileType = sourcecode.swift; path = LocationService.swift; sourceTree = "<group>"; };
		5261165375845484D4FD3259 /* CountWidget.swift */ = {isa = PBXFileReference; lastKnownFileType = sourcecode.swift; path = CountWidget.swift; sourceTree = "<group>"; };
		55229ED1B2AA87D9C8D557CB /* BinaryCurious.entitlements */ = {isa = PBXFileReference; lastKnownFileType = text.plist.entitlements; path = BinaryCurious.entitlements; sourceTree = "<group>"; };
		577AFC0A9959946421A42D3B /* TrackedNumberService.swift */ = {isa = PBXFileReference; lastKnownFileType = sourcecode.swift; path = TrackedNumberService.swift; sourceTree = "<group>"; };
		6299C0723582C1C4DCF1CB74 /* OnboardingScanOfferView.swift */ = {isa = PBXFileReference; lastKnownFileType = sourcecode.swift; path = OnboardingScanOfferView.swift; sourceTree = "<group>"; };
		6712F034C8116402C730144C /* StatsOverviewView.swift */ = {isa = PBXFileReference; lastKnownFileType = sourcecode.swift; path = StatsOverviewView.swift; sourceTree = "<group>"; };
		6785F8C4B5170475C3567ADD /* Challenge.swift */ = {isa = PBXFileReference; lastKnownFileType = sourcecode.swift; path = Challenge.swift; sourceTree = "<group>"; };
		685FECD70451E3B1F79E84BA /* NotificationSettingsView.swift */ = {isa = PBXFileReference; lastKnownFileType = sourcecode.swift; path = NotificationSettingsView.swift; sourceTree = "<group>"; };
		6AC98B58E10183DD3D19ABA5 /* Date+Formatting.swift */ = {isa = PBXFileReference; lastKnownFileType = sourcecode.swift; path = "Date+Formatting.swift"; sourceTree = "<group>"; };
		6CD487AB20BB158653FF20D2 /* SightingThumbnailView.swift */ = {isa = PBXFileReference; lastKnownFileType = sourcecode.swift; path = SightingThumbnailView.swift; sourceTree = "<group>"; };
		76AA0FD4A9550B300B73D106 /* LibraryScannerView.swift */ = {isa = PBXFileReference; lastKnownFileType = sourcecode.swift; path = LibraryScannerView.swift; sourceTree = "<group>"; };
		78AD8B461BC9A17CA328F76A /* Constants.swift */ = {isa = PBXFileReference; lastKnownFileType = sourcecode.swift; path = Constants.swift; sourceTree = "<group>"; };
		7933776911846290D154F0AA /* Info.plist */ = {isa = PBXFileReference; lastKnownFileType = text.plist; path = Info.plist; sourceTree = "<group>"; };
		7D654399EF5ECA16619F9FE5 /* ShareViewController.swift */ = {isa = PBXFileReference; lastKnownFileType = sourcecode.swift; path = ShareViewController.swift; sourceTree = "<group>"; };
		7E7AAC53F98DFF31F637873E /* AchievementEngine.swift */ = {isa = PBXFileReference; lastKnownFileType = sourcecode.swift; path = AchievementEngine.swift; sourceTree = "<group>"; };
		815778D04D4C0AEC59EAC11B /* AchievementsView.swift */ = {isa = PBXFileReference; lastKnownFileType = sourcecode.swift; path = AchievementsView.swift; sourceTree = "<group>"; };
		8352F1B6B9F146FFDC193228 /* WrappedView.swift */ = {isa = PBXFileReference; lastKnownFileType = sourcecode.swift; path = WrappedView.swift; sourceTree = "<group>"; };
		87E08D5BB87795190E3E2F65 /* CaptureView.swift */ = {isa = PBXFileReference; lastKnownFileType = sourcecode.swift; path = CaptureView.swift; sourceTree = "<group>"; };
		8FCE3121C12291DEB40431EF /* PendingSightingService.swift */ = {isa = PBXFileReference; lastKnownFileType = sourcecode.swift; path = PendingSightingService.swift; sourceTree = "<group>"; };
		95F8AAC496FF697BDBB75941 /* ChallengeListView.swift */ = {isa = PBXFileReference; lastKnownFileType = sourcecode.swift; path = ChallengeListView.swift; sourceTree = "<group>"; };
		962761824581606F53537E3D /* UserProfile.swift */ = {isa = PBXFileReference; lastKnownFileType = sourcecode.swift; path = UserProfile.swift; sourceTree = "<group>"; };
		98DDF25D6FEF2EC3D26F5663 /* Achievement.swift */ = {isa = PBXFileReference; lastKnownFileType = sourcecode.swift; path = Achievement.swift; sourceTree = "<group>"; };
		99E4EE5D17A542F3000C1723 /* AppTab.swift */ = {isa = PBXFileReference; lastKnownFileType = sourcecode.swift; path = AppTab.swift; sourceTree = "<group>"; };
		9AAEC2AFFC05532AE9FF939F /* Assets.xcassets */ = {isa = PBXFileReference; lastKnownFileType = folder.assetcatalog; path = Assets.xcassets; sourceTree = "<group>"; };
		9B558AA610DD88C74498D321 /* ContentView.swift */ = {isa = PBXFileReference; lastKnownFileType = sourcecode.swift; path = ContentView.swift; sourceTree = "<group>"; };
		A571964C5A711F84FAE11CEC /* DetectionOverlayView.swift */ = {isa = PBXFileReference; lastKnownFileType = sourcecode.swift; path = DetectionOverlayView.swift; sourceTree = "<group>"; };
		A94FEEAED4FD55B0717449A8 /* MetadataFormView.swift */ = {isa = PBXFileReference; lastKnownFileType = sourcecode.swift; path = MetadataFormView.swift; sourceTree = "<group>"; };
		AABA8D96085759361D9F92E7 /* OCRService.swift */ = {isa = PBXFileReference; lastKnownFileType = sourcecode.swift; path = OCRService.swift; sourceTree = "<group>"; };
		ADA2A3E7192DA6F50AF7153C /* CameraControlsView.swift */ = {isa = PBXFileReference; lastKnownFileType = sourcecode.swift; path = CameraControlsView.swift; sourceTree = "<group>"; };
		AFA2B44FA8554E1CCCFCCFE8 /* RecentSightingWidget.swift */ = {isa = PBXFileReference; lastKnownFileType = sourcecode.swift; path = RecentSightingWidget.swift; sourceTree = "<group>"; };
		B08149271178F4875019EE97 /* RarityCalculator.swift */ = {isa = PBXFileReference; lastKnownFileType = sourcecode.swift; path = RarityCalculator.swift; sourceTree = "<group>"; };
		B454398091976EC31E4AD4EC /* ScanResultCard.swift */ = {isa = PBXFileReference; lastKnownFileType = sourcecode.swift; path = ScanResultCard.swift; sourceTree = "<group>"; };
		B674AAA01AE43635FDB53B02 /* CameraService.swift */ = {isa = PBXFileReference; lastKnownFileType = sourcecode.swift; path = CameraService.swift; sourceTree = "<group>"; };
		B736CA3FFCD60ECF5FB3F0B0 /* MonthlyDigestView.swift */ = {isa = PBXFileReference; lastKnownFileType = sourcecode.swift; path = MonthlyDigestView.swift; sourceTree = "<group>"; };
		B7E1D210B91B80C7B9288916 /* LiveDetectorService.swift */ = {isa = PBXFileReference; lastKnownFileType = sourcecode.swift; path = LiveDetectorService.swift; sourceTree = "<group>"; };
		BB6FF06E2080A7B4FFFDC78F /* ChallengeTemplates.swift */ = {isa = PBXFileReference; lastKnownFileType = sourcecode.swift; path = ChallengeTemplates.swift; sourceTree = "<group>"; };
		BD6B3DCBB4A61CC33B388194 /* BinaryCuriousWidget.entitlements */ = {isa = PBXFileReference; lastKnownFileType = text.plist.entitlements; path = BinaryCuriousWidget.entitlements; sourceTree = "<group>"; };
		BDC303E42915DB980FEBCB66 /* SightingRowView.swift */ = {isa = PBXFileReference; lastKnownFileType = sourcecode.swift; path = SightingRowView.swift; sourceTree = "<group>"; };
		C34DEE619A0FFA3B620311C1 /* AlbumDetailView.swift */ = {isa = PBXFileReference; lastKnownFileType = sourcecode.swift; path = AlbumDetailView.swift; sourceTree = "<group>"; };
		C45BFBC740E82278E6626533 /* BinaryCuriousWidgets.swift */ = {isa = PBXFileReference; lastKnownFileType = sourcecode.swift; path = BinaryCuriousWidgets.swift; sourceTree = "<group>"; };
		C9876293188B1906C6372AAC /* SightingEditView.swift */ = {isa = PBXFileReference; lastKnownFileType = sourcecode.swift; path = SightingEditView.swift; sourceTree = "<group>"; };
		CA92C7ED40AF03C507F81EDB /* CalendarHeatmapView.swift */ = {isa = PBXFileReference; lastKnownFileType = sourcecode.swift; path = CalendarHeatmapView.swift; sourceTree = "<group>"; };
		CB4B44A0F108ABF51761FE68 /* NotificationService.swift */ = {isa = PBXFileReference; lastKnownFileType = sourcecode.swift; path = NotificationService.swift; sourceTree = "<group>"; };
		CBF17874166B8397C6064273 /* OCRSettingsView.swift */ = {isa = PBXFileReference; lastKnownFileType = sourcecode.swift; path = OCRSettingsView.swift; sourceTree = "<group>"; };
		CC18CE064119E8A15B16FF9E /* Tag.swift */ = {isa = PBXFileReference; lastKnownFileType = sourcecode.swift; path = Tag.swift; sourceTree = "<group>"; };
		CE438DC46451C78F74AA79A6 /* TimeCapsule.swift */ = {isa = PBXFileReference; lastKnownFileType = sourcecode.swift; path = TimeCapsule.swift; sourceTree = "<group>"; };
		D041A9F4571D493936F8F063 /* SettingsView.swift */ = {isa = PBXFileReference; lastKnownFileType = sourcecode.swift; path = SettingsView.swift; sourceTree = "<group>"; };
		D09BFCD05D2097DD5AAC9DEF /* PreviewSampleData.swift */ = {isa = PBXFileReference; lastKnownFileType = sourcecode.swift; path = PreviewSampleData.swift; sourceTree = "<group>"; };
		D287D514436CC04ED67E76FF /* CameraPreviewView.swift */ = {isa = PBXFileReference; lastKnownFileType = sourcecode.swift; path = CameraPreviewView.swift; sourceTree = "<group>"; };
		D2F51D90A4B78CB3EF37A19A /* AlbumFormView.swift */ = {isa = PBXFileReference; lastKnownFileType = sourcecode.swift; path = AlbumFormView.swift; sourceTree = "<group>"; };
		D500417E44CF650FFFE81725 /* QuickCaptureWidget.swift */ = {isa = PBXFileReference; lastKnownFileType = sourcecode.swift; path = QuickCaptureWidget.swift; sourceTree = "<group>"; };
		D5336D534ADC4780BADBA620 /* ShareExtensionView.swift */ = {isa = PBXFileReference; lastKnownFileType = sourcecode.swift; path = ShareExtensionView.swift; sourceTree = "<group>"; };
		D6F107B8F4326760535D2378 /* WidgetDataService.swift */ = {isa = PBXFileReference; lastKnownFileType = sourcecode.swift; path = WidgetDataService.swift; sourceTree = "<group>"; };
		E0F3EFC7BC5D734E1259566B /* Album.swift */ = {isa = PBXFileReference; lastKnownFileType = sourcecode.swift; path = Album.swift; sourceTree = "<group>"; };
		E17F956938F7709A7607AD33 /* ChallengeEngine.swift */ = {isa = PBXFileReference; lastKnownFileType = sourcecode.swift; path = ChallengeEngine.swift; sourceTree = "<group>"; };
		E3B6C65020881E8015DEBB14 /* BinaryCuriousWidget.appex */ = {isa = PBXFileReference; includeInIndex = 0; lastKnownFileType = "wrapper.app-extension"; path = BinaryCuriousWidget.appex; sourceTree = BUILT_PRODUCTS_DIR; };
		E650CCF68385F3C59A51991F /* OnThisDayView.swift */ = {isa = PBXFileReference; lastKnownFileType = sourcecode.swift; path = OnThisDayView.swift; sourceTree = "<group>"; };
		E7CE536E5ADA998E7CCCFEE8 /* BinaryCuriousShareExtension.appex */ = {isa = PBXFileReference; includeInIndex = 0; lastKnownFileType = "wrapper.app-extension"; path = BinaryCuriousShareExtension.appex; sourceTree = BUILT_PRODUCTS_DIR; };
		EA9FCDCBC6F495A3CD5B52B9 /* PhotoReviewView.swift */ = {isa = PBXFileReference; lastKnownFileType = sourcecode.swift; path = PhotoReviewView.swift; sourceTree = "<group>"; };
		EE9514F0DE5565179E230A95 /* ImageStorageService.swift */ = {isa = PBXFileReference; lastKnownFileType = sourcecode.swift; path = ImageStorageService.swift; sourceTree = "<group>"; };
		F35938D25351A4A024416683 /* StreakWidget.swift */ = {isa = PBXFileReference; lastKnownFileType = sourcecode.swift; path = StreakWidget.swift; sourceTree = "<group>"; };
		F4243D3F4C6C9A8A3AC52102 /* AlbumListView.swift */ = {isa = PBXFileReference; lastKnownFileType = sourcecode.swift; path = AlbumListView.swift; sourceTree = "<group>"; };
		F49F19597111CC629A4A41CD /* NumberSelectionView.swift */ = {isa = PBXFileReference; lastKnownFileType = sourcecode.swift; path = NumberSelectionView.swift; sourceTree = "<group>"; };
		FBB3A68AC4EDA1BCAA85B612 /* StatsCalculator.swift */ = {isa = PBXFileReference; lastKnownFileType = sourcecode.swift; path = StatsCalculator.swift; sourceTree = "<group>"; };
/* End PBXFileReference section */

/* Begin PBXGroup section */
		18C3D2F4CDDD3A09C3600D16 /* Capture */ = {
			isa = PBXGroup;
			children = (
				ADA2A3E7192DA6F50AF7153C /* CameraControlsView.swift */,
				D287D514436CC04ED67E76FF /* CameraPreviewView.swift */,
				87E08D5BB87795190E3E2F65 /* CaptureView.swift */,
				A571964C5A711F84FAE11CEC /* DetectionOverlayView.swift */,
				1AF69D5B2C248CC054B2994C /* LiveDetectorView.swift */,
				A94FEEAED4FD55B0717449A8 /* MetadataFormView.swift */,
				EA9FCDCBC6F495A3CD5B52B9 /* PhotoReviewView.swift */,
			);
			path = Capture;
			sourceTree = "<group>";
		};
		192B8A782AC585E35E34806F /* BinaryCuriousShareExtension */ = {
			isa = PBXGroup;
			children = (
				27BCD05A6CB37CD159018913 /* BinaryCuriousShareExtension.entitlements */,
				7933776911846290D154F0AA /* Info.plist */,
				D5336D534ADC4780BADBA620 /* ShareExtensionView.swift */,
				7D654399EF5ECA16619F9FE5 /* ShareViewController.swift */,
			);
			path = BinaryCuriousShareExtension;
			sourceTree = "<group>";
		};
		21442C73DE9F9899040650A0 /* BinaryCurious */ = {
			isa = PBXGroup;
			children = (
				9AAEC2AFFC05532AE9FF939F /* Assets.xcassets */,
				55229ED1B2AA87D9C8D557CB /* BinaryCurious.entitlements */,
				0BD42F54B0237D057AF87129 /* BinaryCuriousApp.swift */,
				1AB6B438D806572C9DDA1519 /* Info.plist */,
				F416CCAD55F56C8CBD894227 /* Models */,
				E22B27858E7CAD201767A3BB /* Navigation */,
				C36179AFDA78D3532CBC6946 /* Repositories */,
				DF27311CEC80F4B764143E16 /* Services */,
				39BE758EF7CC9ECE8910B9AF /* Utilities */,
				91105A9538EE8C4CDBB9BBB6 /* ViewModels */,
				A0FE193019CB43610983053E /* Views */,
			);
			path = BinaryCurious;
			sourceTree = "<group>";
		};
		352B298D53DF43BE8A2C3EF9 /* Onboarding */ = {
			isa = PBXGroup;
			children = (
				F49F19597111CC629A4A41CD /* NumberSelectionView.swift */,
				6299C0723582C1C4DCF1CB74 /* OnboardingScanOfferView.swift */,
			);
			path = Onboarding;
			sourceTree = "<group>";
		};
		39BE758EF7CC9ECE8910B9AF /* Utilities */ = {
			isa = PBXGroup;
			children = (
				0A4C78472B72C72C90D84EA7 /* AchievementDefinitions.swift */,
				0EE4CA010A91BADC300C52B6 /* CategoryDefinitions.swift */,
				BB6FF06E2080A7B4FFFDC78F /* ChallengeTemplates.swift */,
				78AD8B461BC9A17CA328F76A /* Constants.swift */,
				D09BFCD05D2097DD5AAC9DEF /* PreviewSampleData.swift */,
				439D5A07984CC372F67F6AB1 /* Extensions */,
			);
			path = Utilities;
			sourceTree = "<group>";
		};
		439D5A07984CC372F67F6AB1 /* Extensions */ = {
			isa = PBXGroup;
			children = (
				400C44BFFD83A899FC0F324F /* Color+Theme.swift */,
				6AC98B58E10183DD3D19ABA5 /* Date+Formatting.swift */,
			);
			path = Extensions;
			sourceTree = "<group>";
		};
		4DBDEC8F2F5185025C736E21 /* Stats */ = {
			isa = PBXGroup;
			children = (
				815778D04D4C0AEC59EAC11B /* AchievementsView.swift */,
				CA92C7ED40AF03C507F81EDB /* CalendarHeatmapView.swift */,
				3D7E3FE4D6BEF96FC9D18500 /* CategoryBreakdownView.swift */,
				11EB3B84E9B9D457D748EADF /* HeatmapView.swift */,
				B736CA3FFCD60ECF5FB3F0B0 /* MonthlyDigestView.swift */,
				6712F034C8116402C730144C /* StatsOverviewView.swift */,
				8352F1B6B9F146FFDC193228 /* WrappedView.swift */,
			);
			path = Stats;
			sourceTree = "<group>";
		};
		4FF70C5946AFF2456936DF2C /* TimeCapsule */ = {
			isa = PBXGroup;
			children = (
			);
			path = TimeCapsule;
			sourceTree = "<group>";
		};
		525B667EA2A5B4B6F4A0FE07 /* Export */ = {
			isa = PBXGroup;
			children = (
			);
			path = Export;
			sourceTree = "<group>";
		};
		5647392D15D77E524F5DDF41 /* Settings */ = {
			isa = PBXGroup;
			children = (
				685FECD70451E3B1F79E84BA /* NotificationSettingsView.swift */,
				CBF17874166B8397C6064273 /* OCRSettingsView.swift */,
				D041A9F4571D493936F8F063 /* SettingsView.swift */,
			);
			path = Settings;
			sourceTree = "<group>";
		};
		6DBA8948FC2BEA46A45A16DC /* Scanner */ = {
			isa = PBXGroup;
			children = (
				76AA0FD4A9550B300B73D106 /* LibraryScannerView.swift */,
				B454398091976EC31E4AD4EC /* ScanResultCard.swift */,
			);
			path = Scanner;
			sourceTree = "<group>";
		};
		7641F44B7D0C52F6BFCB1A71 /* Products */ = {
			isa = PBXGroup;
			children = (
				0A98CB939FFCCBE870D46A74 /* BinaryCurious.app */,
				E7CE536E5ADA998E7CCCFEE8 /* BinaryCuriousShareExtension.appex */,
				E3B6C65020881E8015DEBB14 /* BinaryCuriousWidget.appex */,
			);
			name = Products;
			sourceTree = "<group>";
		};
		83C0C6B968812919A5195F36 /* BinaryCuriousIntents */ = {
			isa = PBXGroup;
			children = (
				23901966051D8F6BF36BC1A6 /* BinaryCuriousShortcuts.swift */,
			);
			path = BinaryCuriousIntents;
			sourceTree = "<group>";
		};
		91105A9538EE8C4CDBB9BBB6 /* ViewModels */ = {
			isa = PBXGroup;
			children = (
			);
			path = ViewModels;
			sourceTree = "<group>";
		};
		978E928FD31F750595ECDC5C /* Sightings */ = {
			isa = PBXGroup;
			children = (
				094148DD18643D4EAAAA4D87 /* FilterSheetView.swift */,
				4E2981F0D88FDC3BA2A9F552 /* SightingDetailView.swift */,
				C9876293188B1906C6372AAC /* SightingEditView.swift */,
				3497B2DEFD7D37ADB2248A2D /* SightingListView.swift */,
				BDC303E42915DB980FEBCB66 /* SightingRowView.swift */,
				6CD487AB20BB158653FF20D2 /* SightingThumbnailView.swift */,
			);
			path = Sightings;
			sourceTree = "<group>";
		};
		A0FE193019CB43610983053E /* Views */ = {
			isa = PBXGroup;
			children = (
				9B558AA610DD88C74498D321 /* ContentView.swift */,
				ED0FEA3E0F9D5D88BCFA49DD /* Albums */,
				18C3D2F4CDDD3A09C3600D16 /* Capture */,
				B44830863C07445FF138214A /* Challenges */,
				525B667EA2A5B4B6F4A0FE07 /* Export */,
				DFE0F34C3F85C00866DED297 /* Memories */,
				352B298D53DF43BE8A2C3EF9 /* Onboarding */,
				6DBA8948FC2BEA46A45A16DC /* Scanner */,
				5647392D15D77E524F5DDF41 /* Settings */,
				978E928FD31F750595ECDC5C /* Sightings */,
				EBB6FB226DC52AD24390C251 /* Social */,
				4DBDEC8F2F5185025C736E21 /* Stats */,
				4FF70C5946AFF2456936DF2C /* TimeCapsule */,
			);
			path = Views;
			sourceTree = "<group>";
		};
		A3035611CAF6F2927E8A1A85 = {
			isa = PBXGroup;
			children = (
				21442C73DE9F9899040650A0 /* BinaryCurious */,
				83C0C6B968812919A5195F36 /* BinaryCuriousIntents */,
				192B8A782AC585E35E34806F /* BinaryCuriousShareExtension */,
				BF9FF6F9D5463E128E7DF7EE /* BinaryCuriousWidget */,
				7641F44B7D0C52F6BFCB1A71 /* Products */,
			);
			sourceTree = "<group>";
		};
		B44830863C07445FF138214A /* Challenges */ = {
			isa = PBXGroup;
			children = (
				95F8AAC496FF697BDBB75941 /* ChallengeListView.swift */,
			);
			path = Challenges;
			sourceTree = "<group>";
		};
		BF9FF6F9D5463E128E7DF7EE /* BinaryCuriousWidget */ = {
			isa = PBXGroup;
			children = (
				BD6B3DCBB4A61CC33B388194 /* BinaryCuriousWidget.entitlements */,
				C45BFBC740E82278E6626533 /* BinaryCuriousWidgets.swift */,
				5261165375845484D4FD3259 /* CountWidget.swift */,
				4DD81AE8D3BD03A2F3730FB7 /* Info.plist */,
				D500417E44CF650FFFE81725 /* QuickCaptureWidget.swift */,
				AFA2B44FA8554E1CCCFCCFE8 /* RecentSightingWidget.swift */,
				F35938D25351A4A024416683 /* StreakWidget.swift */,
				472B33D6D45CD8847F739158 /* WidgetData.swift */,
			);
			path = BinaryCuriousWidget;
			sourceTree = "<group>";
		};
		C36179AFDA78D3532CBC6946 /* Repositories */ = {
			isa = PBXGroup;
			children = (
			);
			path = Repositories;
			sourceTree = "<group>";
		};
		DF27311CEC80F4B764143E16 /* Services */ = {
			isa = PBXGroup;
			children = (
				7E7AAC53F98DFF31F637873E /* AchievementEngine.swift */,
				B674AAA01AE43635FDB53B02 /* CameraService.swift */,
				E17F956938F7709A7607AD33 /* ChallengeEngine.swift */,
				EE9514F0DE5565179E230A95 /* ImageStorageService.swift */,
				352FC3FC12B3C78F53706A98 /* LibraryScannerService.swift */,
				B7E1D210B91B80C7B9288916 /* LiveDetectorService.swift */,
				513D8833AD2E94A6F1B867B3 /* LocationService.swift */,
				CB4B44A0F108ABF51761FE68 /* NotificationService.swift */,
				AABA8D96085759361D9F92E7 /* OCRService.swift */,
				8FCE3121C12291DEB40431EF /* PendingSightingService.swift */,
				B08149271178F4875019EE97 /* RarityCalculator.swift */,
				FBB3A68AC4EDA1BCAA85B612 /* StatsCalculator.swift */,
				577AFC0A9959946421A42D3B /* TrackedNumberService.swift */,
				D6F107B8F4326760535D2378 /* WidgetDataService.swift */,
			);
			path = Services;
			sourceTree = "<group>";
		};
		DFE0F34C3F85C00866DED297 /* Memories */ = {
			isa = PBXGroup;
			children = (
				E650CCF68385F3C59A51991F /* OnThisDayView.swift */,
			);
			path = Memories;
			sourceTree = "<group>";
		};
		E22B27858E7CAD201767A3BB /* Navigation */ = {
			isa = PBXGroup;
			children = (
				99E4EE5D17A542F3000C1723 /* AppTab.swift */,
			);
			path = Navigation;
			sourceTree = "<group>";
		};
		EBB6FB226DC52AD24390C251 /* Social */ = {
			isa = PBXGroup;
			children = (
			);
			path = Social;
			sourceTree = "<group>";
		};
		ED0FEA3E0F9D5D88BCFA49DD /* Albums */ = {
			isa = PBXGroup;
			children = (
				C34DEE619A0FFA3B620311C1 /* AlbumDetailView.swift */,
				D2F51D90A4B78CB3EF37A19A /* AlbumFormView.swift */,
				F4243D3F4C6C9A8A3AC52102 /* AlbumListView.swift */,
			);
			path = Albums;
			sourceTree = "<group>";
		};
		F416CCAD55F56C8CBD894227 /* Models */ = {
			isa = PBXGroup;
			children = (
				98DDF25D6FEF2EC3D26F5663 /* Achievement.swift */,
				E0F3EFC7BC5D734E1259566B /* Album.swift */,
				6785F8C4B5170475C3567ADD /* Challenge.swift */,
				2E4884CA88D2D9FEB942187D /* Sighting.swift */,
				CC18CE064119E8A15B16FF9E /* Tag.swift */,
				CE438DC46451C78F74AA79A6 /* TimeCapsule.swift */,
				962761824581606F53537E3D /* UserProfile.swift */,
			);
			path = Models;
			sourceTree = "<group>";
		};
/* End PBXGroup section */

/* Begin PBXNativeTarget section */
		01F7203CB5A20A8E33300B39 /* BinaryCurious */ = {
			isa = PBXNativeTarget;
			buildConfigurationList = 86D44538F40F5825AD7A1D4D /* Build configuration list for PBXNativeTarget "BinaryCurious" */;
			buildPhases = (
				BFDA1E75C2BCD0ED056AFE32 /* Sources */,
				7F8EBF29EEADF9C7AF90ABE1 /* Resources */,
				340CCFA899CE6DCB3AA67CFE /* Embed Foundation Extensions */,
			);
			buildRules = (
			);
			dependencies = (
				335679686FAF0D44DA2D06A6 /* PBXTargetDependency */,
				38F45DFEA52A9CE9219C9728 /* PBXTargetDependency */,
			);
			name = BinaryCurious;
			packageProductDependencies = (
			);
			productName = BinaryCurious;
			productReference = 0A98CB939FFCCBE870D46A74 /* BinaryCurious.app */;
			productType = "com.apple.product-type.application";
		};
		883F87EFC66049521372A6E4 /* BinaryCuriousShareExtension */ = {
			isa = PBXNativeTarget;
			buildConfigurationList = 36352CDA9DAE42F606EEF94F /* Build configuration list for PBXNativeTarget "BinaryCuriousShareExtension" */;
			buildPhases = (
				3858B8A260200A5ECC32CBCC /* Sources */,
			);
			buildRules = (
			);
			dependencies = (
			);
			name = BinaryCuriousShareExtension;
			packageProductDependencies = (
			);
			productName = BinaryCuriousShareExtension;
			productReference = E7CE536E5ADA998E7CCCFEE8 /* BinaryCuriousShareExtension.appex */;
			productType = "com.apple.product-type.app-extension";
		};
		F84426D400D11287F28ABC74 /* BinaryCuriousWidget */ = {
			isa = PBXNativeTarget;
			buildConfigurationList = 578E75749D7F2C6417E52A83 /* Build configuration list for PBXNativeTarget "BinaryCuriousWidget" */;
			buildPhases = (
				5F5F52F786E592DD97E74602 /* Sources */,
			);
			buildRules = (
			);
			dependencies = (
			);
			name = BinaryCuriousWidget;
			packageProductDependencies = (
			);
			productName = BinaryCuriousWidget;
			productReference = E3B6C65020881E8015DEBB14 /* BinaryCuriousWidget.appex */;
			productType = "com.apple.product-type.app-extension";
		};
/* End PBXNativeTarget section */

/* Begin PBXProject section */
		B9ED8879124D8C50671AF524 /* Project object */ = {
			isa = PBXProject;
			attributes = {
				BuildIndependentTargetsInParallel = YES;
				LastUpgradeCheck = 1500;
				TargetAttributes = {
					01F7203CB5A20A8E33300B39 = {
						DevelopmentTeam = NCGL2D534N;
					};
					883F87EFC66049521372A6E4 = {
						DevelopmentTeam = NCGL2D534N;
					};
					F84426D400D11287F28ABC74 = {
						DevelopmentTeam = NCGL2D534N;
					};
				};
			};
			buildConfigurationList = 32F252DD8D8108D09B4CDCD5 /* Build configuration list for PBXProject "BinaryCurious" */;
			compatibilityVersion = "Xcode 14.0";
			developmentRegion = en;
			hasScannedForEncodings = 0;
			knownRegions = (
				Base,
				en,
			);
			mainGroup = A3035611CAF6F2927E8A1A85;
			minimizedProjectReferenceProxies = 1;
			preferredProjectObjectVersion = 77;
			projectDirPath = "";
			projectRoot = "";
			targets = (
				01F7203CB5A20A8E33300B39 /* BinaryCurious */,
				883F87EFC66049521372A6E4 /* BinaryCuriousShareExtension */,
				F84426D400D11287F28ABC74 /* BinaryCuriousWidget */,
			);
		};
/* End PBXProject section */

/* Begin PBXResourcesBuildPhase section */
		7F8EBF29EEADF9C7AF90ABE1 /* Resources */ = {
			isa = PBXResourcesBuildPhase;
			buildActionMask = 2147483647;
			files = (
				8DDF72CE04196E53D2FD2D2B /* Assets.xcassets in Resources */,
			);
			runOnlyForDeploymentPostprocessing = 0;
		};
/* End PBXResourcesBuildPhase section */

/* Begin PBXSourcesBuildPhase section */
		3858B8A260200A5ECC32CBCC /* Sources */ = {
			isa = PBXSourcesBuildPhase;
			buildActionMask = 2147483647;
			files = (
				ABB4192CB98199A2A9894C9E /* Constants.swift in Sources */,
				954858970191400DB3D9BBEF /* PendingSightingService.swift in Sources */,
				C81BFD5682DCE7B27C79124B /* ShareExtensionView.swift in Sources */,
				58A14D738B3F75387421A5B5 /* ShareViewController.swift in Sources */,
			);
			runOnlyForDeploymentPostprocessing = 0;
		};
		5F5F52F786E592DD97E74602 /* Sources */ = {
			isa = PBXSourcesBuildPhase;
			buildActionMask = 2147483647;
			files = (
				219D358ABAE253985E0B928E /* BinaryCuriousWidgets.swift in Sources */,
				F6BB604E30F1B9FC7C48C90E /* CountWidget.swift in Sources */,
				011EC0800BD16E6E12A19C75 /* QuickCaptureWidget.swift in Sources */,
				F070833F72FD50127C6212DC /* RecentSightingWidget.swift in Sources */,
				E963DA10C9A5EE74AA6165CD /* StreakWidget.swift in Sources */,
				32CEAB2AFBFA18B9095B8AC7 /* WidgetData.swift in Sources */,
			);
			runOnlyForDeploymentPostprocessing = 0;
		};
		BFDA1E75C2BCD0ED056AFE32 /* Sources */ = {
			isa = PBXSourcesBuildPhase;
			buildActionMask = 2147483647;
			files = (
				43F3DEBA404AFDF493C8EF33 /* Achievement.swift in Sources */,
				B9D4D5BC9E247E8B563D7B4B /* AchievementDefinitions.swift in Sources */,
				37FBA959EDD2F4DD6FFA9B15 /* AchievementEngine.swift in Sources */,
				39049603B6B1606F4B459AFC /* AchievementsView.swift in Sources */,
				60E3C995F9E16AC5CFCE05CA /* Album.swift in Sources */,
				2C644172CEABB491B5E74F2D /* AlbumDetailView.swift in Sources */,
				8B6C651E3929FF926B3576AF /* AlbumFormView.swift in Sources */,
				38147F946501B9D7EC7DCDC8 /* AlbumListView.swift in Sources */,
				F900A906FE9388AFAB6997E6 /* AppTab.swift in Sources */,
				2195981148267031E8474EC9 /* BinaryCuriousApp.swift in Sources */,
				0D9FEB21BB46E73DF968450C /* BinaryCuriousShortcuts.swift in Sources */,
				5CC5EE5AE62480B7CEB5B043 /* CalendarHeatmapView.swift in Sources */,
				673140BB7C7BA0E903650A08 /* CameraControlsView.swift in Sources */,
				45F6CC550E0EA5D5A183AC3D /* CameraPreviewView.swift in Sources */,
				26C673A79A80BC4F3CFEF438 /* CameraService.swift in Sources */,
				9FA4DC98932E7866C8809A31 /* CaptureView.swift in Sources */,
				0E4A61FFBC8FB789F455EEC5 /* CategoryBreakdownView.swift in Sources */,
				0B1A4BDC2D3A66817BCA988C /* CategoryDefinitions.swift in Sources */,
				2CFED782586DF86C620FFCCC /* Challenge.swift in Sources */,
				329371225C76CA67C701CEF5 /* ChallengeEngine.swift in Sources */,
				13B0F055673C84E59F38A6B6 /* ChallengeListView.swift in Sources */,
				F5DF5B83F83057C21DA3D2CF /* ChallengeTemplates.swift in Sources */,
				40E8542AC9A90077472E1006 /* Color+Theme.swift in Sources */,
				8CACAF4C3EB8DDB3C9945125 /* Constants.swift in Sources */,
				F27F8FA635D0D7107D1271BB /* ContentView.swift in Sources */,
				959382FAD8C2D085FD21DB62 /* Date+Formatting.swift in Sources */,
				69D94F35A10214A45650C335 /* DetectionOverlayView.swift in Sources */,
				0B0838088C5D50C114FA354E /* FilterSheetView.swift in Sources */,
				3BA0D2CCBBF33CE5B667AF7A /* HeatmapView.swift in Sources */,
				A557540183ED41CAD13E6B8C /* ImageStorageService.swift in Sources */,
				204F8529DFE662FFBEC57DFD /* LibraryScannerService.swift in Sources */,
				F9DBB943903213B7B8CA4BE3 /* LibraryScannerView.swift in Sources */,
				89E666F3250604CD6275C8E1 /* LiveDetectorService.swift in Sources */,
				FFCB588A8631DE2B3304DE12 /* LiveDetectorView.swift in Sources */,
				7B477A279A15288392F7044D /* LocationService.swift in Sources */,
				889DF785DA013655905ECC67 /* MetadataFormView.swift in Sources */,
				E38176D83E16962A7DB6BDE9 /* MonthlyDigestView.swift in Sources */,
				19B3CF49967E9AF48640CDF5 /* NotificationService.swift in Sources */,
				F89CA9B322C5C48F982A1952 /* NotificationSettingsView.swift in Sources */,
				5E92FB6503922539B569D051 /* NumberSelectionView.swift in Sources */,
				19F3F54A89A6DD9D46AAF589 /* OCRService.swift in Sources */,
				46F10B4C073B4F4D44828602 /* OCRSettingsView.swift in Sources */,
				3D6D2E01E784987E127E5FB1 /* OnThisDayView.swift in Sources */,
				7DEAD5D909A25FE73307339F /* OnboardingScanOfferView.swift in Sources */,
				E6C78B67E183F0DCD4397A4E /* PendingSightingService.swift in Sources */,
				6E13B1B65476F9694F2E8805 /* PhotoReviewView.swift in Sources */,
				E6BFE03F9B0F4BED0AC0BFF9 /* PreviewSampleData.swift in Sources */,
				5D40EDB6BE24FACEF4D6ABC1 /* RarityCalculator.swift in Sources */,
				AF8DA6536F968465262BE575 /* ScanResultCard.swift in Sources */,
				7980C00270AA3F7AAF7586BD /* SettingsView.swift in Sources */,
				DBBF43E4789044586A7989D7 /* Sighting.swift in Sources */,
				DEA3DE089C72592E8ECFC883 /* SightingDetailView.swift in Sources */,
				BA413DB7B0732412D7E15501 /* SightingEditView.swift in Sources */,
				1A27C3C4C809461493C98D81 /* SightingListView.swift in Sources */,
				95EF4ED5829903681F9954AC /* SightingRowView.swift in Sources */,
				E21BEFD4BA8244C2433D98BE /* SightingThumbnailView.swift in Sources */,
				5CD4A064B62084580B813777 /* StatsCalculator.swift in Sources */,
				BED6B8D3BE28E6247F2C2DF1 /* StatsOverviewView.swift in Sources */,
				1F08DA862029EFF38BD3BF77 /* Tag.swift in Sources */,
				AD0E7BC5941ACFD936716175 /* TimeCapsule.swift in Sources */,
				660B909571D590AA4CE66E48 /* TrackedNumberService.swift in Sources */,
				5A9154D27B0650C28A4552C7 /* UserProfile.swift in Sources */,
				456EFAFF5308AA97D5D4F2FB /* WidgetDataService.swift in Sources */,
				AAF07FE41F4883215B4EDA3C /* WrappedView.swift in Sources */,
			);
			runOnlyForDeploymentPostprocessing = 0;
		};
/* End PBXSourcesBuildPhase section */

/* Begin PBXTargetDependency section */
		335679686FAF0D44DA2D06A6 /* PBXTargetDependency */ = {
			isa = PBXTargetDependency;
			target = F84426D400D11287F28ABC74 /* BinaryCuriousWidget */;
			targetProxy = 6545E1471F34E07DE84E298E /* PBXContainerItemProxy */;
		};
		38F45DFEA52A9CE9219C9728 /* PBXTargetDependency */ = {
			isa = PBXTargetDependency;
			target = 883F87EFC66049521372A6E4 /* BinaryCuriousShareExtension */;
			targetProxy = E9555E4CAB3AD577B915DB5E /* PBXContainerItemProxy */;
		};
/* End PBXTargetDependency section */

/* Begin XCBuildConfiguration section */
		08CD52F553C8A382475DAD3D /* Debug */ = {
			isa = XCBuildConfiguration;
			buildSettings = {
				ALWAYS_SEARCH_USER_PATHS = NO;
				CLANG_ANALYZER_NONNULL = YES;
				CLANG_ANALYZER_NUMBER_OBJECT_CONVERSION = YES_AGGRESSIVE;
				CLANG_CXX_LANGUAGE_STANDARD = "gnu++14";
				CLANG_CXX_LIBRARY = "libc++";
				CLANG_ENABLE_MODULES = YES;
				CLANG_ENABLE_OBJC_ARC = YES;
				CLANG_ENABLE_OBJC_WEAK = YES;
				CLANG_WARN_BLOCK_CAPTURE_AUTORELEASING = YES;
				CLANG_WARN_BOOL_CONVERSION = YES;
				CLANG_WARN_COMMA = YES;
				CLANG_WARN_CONSTANT_CONVERSION = YES;
				CLANG_WARN_DEPRECATED_OBJC_IMPLEMENTATIONS = YES;
				CLANG_WARN_DIRECT_OBJC_ISA_USAGE = YES_ERROR;
				CLANG_WARN_DOCUMENTATION_COMMENTS = YES;
				CLANG_WARN_EMPTY_BODY = YES;
				CLANG_WARN_ENUM_CONVERSION = YES;
				CLANG_WARN_INFINITE_RECURSION = YES;
				CLANG_WARN_INT_CONVERSION = YES;
				CLANG_WARN_NON_LITERAL_NULL_CONVERSION = YES;
				CLANG_WARN_OBJC_IMPLICIT_RETAIN_SELF = YES;
				CLANG_WARN_OBJC_LITERAL_CONVERSION = YES;
				CLANG_WARN_OBJC_ROOT_CLASS = YES_ERROR;
				CLANG_WARN_QUOTED_INCLUDE_IN_FRAMEWORK_HEADER = YES;
				CLANG_WARN_RANGE_LOOP_ANALYSIS = YES;
				CLANG_WARN_STRICT_PROTOTYPES = YES;
				CLANG_WARN_SUSPICIOUS_MOVE = YES;
				CLANG_WARN_UNGUARDED_AVAILABILITY = YES_AGGRESSIVE;
				CLANG_WARN_UNREACHABLE_CODE = YES;
				CLANG_WARN__DUPLICATE_METHOD_MATCH = YES;
				COPY_PHASE_STRIP = NO;
				DEBUG_INFORMATION_FORMAT = dwarf;
				DEVELOPMENT_TEAM = NCGL2D534N;
				ENABLE_STRICT_OBJC_MSGSEND = YES;
				ENABLE_TESTABILITY = YES;
				GCC_C_LANGUAGE_STANDARD = gnu11;
				GCC_DYNAMIC_NO_PIC = NO;
				GCC_NO_COMMON_BLOCKS = YES;
				GCC_OPTIMIZATION_LEVEL = 0;
				GCC_PREPROCESSOR_DEFINITIONS = (
					"$(inherited)",
					"DEBUG=1",
				);
				GCC_WARN_64_TO_32_BIT_CONVERSION = YES;
				GCC_WARN_ABOUT_RETURN_TYPE = YES_ERROR;
				GCC_WARN_UNDECLARED_SELECTOR = YES;
				GCC_WARN_UNINITIALIZED_AUTOS = YES_AGGRESSIVE;
				GCC_WARN_UNUSED_FUNCTION = YES;
				GCC_WARN_UNUSED_VARIABLE = YES;
				IPHONEOS_DEPLOYMENT_TARGET = 18.0;
				MTL_ENABLE_DEBUG_INFO = INCLUDE_SOURCE;
				MTL_FAST_MATH = YES;
				ONLY_ACTIVE_ARCH = YES;
				PRODUCT_NAME = "$(TARGET_NAME)";
				SDKROOT = iphoneos;
				SWIFT_ACTIVE_COMPILATION_CONDITIONS = DEBUG;
				SWIFT_OPTIMIZATION_LEVEL = "-Onone";
				SWIFT_VERSION = 5.9;
			};
			name = Debug;
		};
		0BAAC71178D897E7B58B7262 /* Release */ = {
			isa = XCBuildConfiguration;
			buildSettings = {
				ASSETCATALOG_COMPILER_APPICON_NAME = AppIcon;
				ASSETCATALOG_COMPILER_GLOBAL_ACCENT_COLOR_NAME = AccentColor;
				CODE_SIGN_ENTITLEMENTS = BinaryCurious/BinaryCurious.entitlements;
				CODE_SIGN_IDENTITY = "iPhone Developer";
				CURRENT_PROJECT_VERSION = 6;
				INFOPLIST_FILE = BinaryCurious/Info.plist;
				LD_RUNPATH_SEARCH_PATHS = (
					"$(inherited)",
					"@executable_path/Frameworks",
				);
				MARKETING_VERSION = 0.47.0;
				PRODUCT_BUNDLE_IDENTIFIER = com.binarycurious.app;
				SDKROOT = iphoneos;
				TARGETED_DEVICE_FAMILY = "1,2";
			};
			name = Release;
		};
		87EE40CC387EC01528AB76E2 /* Release */ = {
			isa = XCBuildConfiguration;
			buildSettings = {
				CODE_SIGN_ENTITLEMENTS = BinaryCuriousShareExtension/BinaryCuriousShareExtension.entitlements;
				CURRENT_PROJECT_VERSION = 6;
				INFOPLIST_FILE = BinaryCuriousShareExtension/Info.plist;
				LD_RUNPATH_SEARCH_PATHS = (
					"$(inherited)",
					"@executable_path/Frameworks",
					"@executable_path/../../Frameworks",
				);
				MARKETING_VERSION = 0.47.0;
				PRODUCT_BUNDLE_IDENTIFIER = com.binarycurious.app.share;
				SDKROOT = iphoneos;
				TARGETED_DEVICE_FAMILY = "1,2";
			};
			name = Release;
		};
		9FA209641FBDB25BAF3CF5FC /* Release */ = {
			isa = XCBuildConfiguration;
			buildSettings = {
				ALWAYS_SEARCH_USER_PATHS = NO;
				CLANG_ANALYZER_NONNULL = YES;
				CLANG_ANALYZER_NUMBER_OBJECT_CONVERSION = YES_AGGRESSIVE;
				CLANG_CXX_LANGUAGE_STANDARD = "gnu++14";
				CLANG_CXX_LIBRARY = "libc++";
				CLANG_ENABLE_MODULES = YES;
				CLANG_ENABLE_OBJC_ARC = YES;
				CLANG_ENABLE_OBJC_WEAK = YES;
				CLANG_WARN_BLOCK_CAPTURE_AUTORELEASING = YES;
				CLANG_WARN_BOOL_CONVERSION = YES;
				CLANG_WARN_COMMA = YES;
				CLANG_WARN_CONSTANT_CONVERSION = YES;
				CLANG_WARN_DEPRECATED_OBJC_IMPLEMENTATIONS = YES;
				CLANG_WARN_DIRECT_OBJC_ISA_USAGE = YES_ERROR;
				CLANG_WARN_DOCUMENTATION_COMMENTS = YES;
				CLANG_WARN_EMPTY_BODY = YES;
				CLANG_WARN_ENUM_CONVERSION = YES;
				CLANG_WARN_INFINITE_RECURSION = YES;
				CLANG_WARN_INT_CONVERSION = YES;
				CLANG_WARN_NON_LITERAL_NULL_CONVERSION = YES;
				CLANG_WARN_OBJC_IMPLICIT_RETAIN_SELF = YES;
				CLANG_WARN_OBJC_LITERAL_CONVERSION = YES;
				CLANG_WARN_OBJC_ROOT_CLASS = YES_ERROR;
				CLANG_WARN_QUOTED_INCLUDE_IN_FRAMEWORK_HEADER = YES;
				CLANG_WARN_RANGE_LOOP_ANALYSIS = YES;
				CLANG_WARN_STRICT_PROTOTYPES = YES;
				CLANG_WARN_SUSPICIOUS_MOVE = YES;
				CLANG_WARN_UNGUARDED_AVAILABILITY = YES_AGGRESSIVE;
				CLANG_WARN_UNREACHABLE_CODE = YES;
				CLANG_WARN__DUPLICATE_METHOD_MATCH = YES;
				COPY_PHASE_STRIP = NO;
				DEBUG_INFORMATION_FORMAT = "dwarf-with-dsym";
				DEVELOPMENT_TEAM = NCGL2D534N;
				ENABLE_NS_ASSERTIONS = NO;
				ENABLE_STRICT_OBJC_MSGSEND = YES;
				GCC_C_LANGUAGE_STANDARD = gnu11;
				GCC_NO_COMMON_BLOCKS = YES;
				GCC_WARN_64_TO_32_BIT_CONVERSION = YES;
				GCC_WARN_ABOUT_RETURN_TYPE = YES_ERROR;
				GCC_WARN_UNDECLARED_SELECTOR = YES;
				GCC_WARN_UNINITIALIZED_AUTOS = YES_AGGRESSIVE;
				GCC_WARN_UNUSED_FUNCTION = YES;
				GCC_WARN_UNUSED_VARIABLE = YES;
				IPHONEOS_DEPLOYMENT_TARGET = 18.0;
				MTL_ENABLE_DEBUG_INFO = NO;
				MTL_FAST_MATH = YES;
				PRODUCT_NAME = "$(TARGET_NAME)";
				SDKROOT = iphoneos;
				SWIFT_COMPILATION_MODE = wholemodule;
				SWIFT_OPTIMIZATION_LEVEL = "-O";
				SWIFT_VERSION = 5.9;
			};
			name = Release;
		};
		B07E373A3B4D42A0CF9095D1 /* Debug */ = {
			isa = XCBuildConfiguration;
			buildSettings = {
				CODE_SIGN_ENTITLEMENTS = BinaryCuriousShareExtension/BinaryCuriousShareExtension.entitlements;
				CURRENT_PROJECT_VERSION = 6;
				INFOPLIST_FILE = BinaryCuriousShareExtension/Info.plist;
				LD_RUNPATH_SEARCH_PATHS = (
					"$(inherited)",
					"@executable_path/Frameworks",
					"@executable_path/../../Frameworks",
				);
				MARKETING_VERSION = 0.47.0;
				PRODUCT_BUNDLE_IDENTIFIER = com.binarycurious.app.share;
				SDKROOT = iphoneos;
				TARGETED_DEVICE_FAMILY = "1,2";
			};
			name = Debug;
		};
		D237428A1A8245C6B134E1A4 /* Release */ = {
			isa = XCBuildConfiguration;
			buildSettings = {
				CODE_SIGN_ENTITLEMENTS = BinaryCuriousWidget/BinaryCuriousWidget.entitlements;
				CURRENT_PROJECT_VERSION = 6;
				INFOPLIST_FILE = BinaryCuriousWidget/Info.plist;
				LD_RUNPATH_SEARCH_PATHS = (
					"$(inherited)",
					"@executable_path/Frameworks",
					"@executable_path/../../Frameworks",
				);
				MARKETING_VERSION = 0.47.0;
				PRODUCT_BUNDLE_IDENTIFIER = com.binarycurious.app.widget;
				SDKROOT = iphoneos;
				TARGETED_DEVICE_FAMILY = "1,2";
			};
			name = Release;
		};
		F3D632BE4698E8E5A5A1995C /* Debug */ = {
			isa = XCBuildConfiguration;
			buildSettings = {
				ASSETCATALOG_COMPILER_APPICON_NAME = AppIcon;
				ASSETCATALOG_COMPILER_GLOBAL_ACCENT_COLOR_NAME = AccentColor;
				CODE_SIGN_ENTITLEMENTS = BinaryCurious/BinaryCurious.entitlements;
				CODE_SIGN_IDENTITY = "iPhone Developer";
				CURRENT_PROJECT_VERSION = 6;
				INFOPLIST_FILE = BinaryCurious/Info.plist;
				LD_RUNPATH_SEARCH_PATHS = (
					"$(inherited)",
					"@executable_path/Frameworks",
				);
				MARKETING_VERSION = 0.47.0;
				PRODUCT_BUNDLE_IDENTIFIER = com.binarycurious.app;
				SDKROOT = iphoneos;
				TARGETED_DEVICE_FAMILY = "1,2";
			};
			name = Debug;
		};
		F68DB2BC6C855F2CE48BE76F /* Debug */ = {
			isa = XCBuildConfiguration;
			buildSettings = {
				CODE_SIGN_ENTITLEMENTS = BinaryCuriousWidget/BinaryCuriousWidget.entitlements;
				CURRENT_PROJECT_VERSION = 6;
				INFOPLIST_FILE = BinaryCuriousWidget/Info.plist;
				LD_RUNPATH_SEARCH_PATHS = (
					"$(inherited)",
					"@executable_path/Frameworks",
					"@executable_path/../../Frameworks",
				);
				MARKETING_VERSION = 0.47.0;
				PRODUCT_BUNDLE_IDENTIFIER = com.binarycurious.app.widget;
				SDKROOT = iphoneos;
				TARGETED_DEVICE_FAMILY = "1,2";
			};
			name = Debug;
		};
/* End XCBuildConfiguration section */

/* Begin XCConfigurationList section */
		32F252DD8D8108D09B4CDCD5 /* Build configuration list for PBXProject "BinaryCurious" */ = {
			isa = XCConfigurationList;
			buildConfigurations = (
				08CD52F553C8A382475DAD3D /* Debug */,
				9FA209641FBDB25BAF3CF5FC /* Release */,
			);
			defaultConfigurationIsVisible = 0;
			defaultConfigurationName = Debug;
		};
		36352CDA9DAE42F606EEF94F /* Build configuration list for PBXNativeTarget "BinaryCuriousShareExtension" */ = {
			isa = XCConfigurationList;
			buildConfigurations = (
				B07E373A3B4D42A0CF9095D1 /* Debug */,
				87EE40CC387EC01528AB76E2 /* Release */,
			);
			defaultConfigurationIsVisible = 0;
			defaultConfigurationName = Debug;
		};
		578E75749D7F2C6417E52A83 /* Build configuration list for PBXNativeTarget "BinaryCuriousWidget" */ = {
			isa = XCConfigurationList;
			buildConfigurations = (
				F68DB2BC6C855F2CE48BE76F /* Debug */,
				D237428A1A8245C6B134E1A4 /* Release */,
			);
			defaultConfigurationIsVisible = 0;
			defaultConfigurationName = Debug;
		};
		86D44538F40F5825AD7A1D4D /* Build configuration list for PBXNativeTarget "BinaryCurious" */ = {
			isa = XCConfigurationList;
			buildConfigurations = (
				F3D632BE4698E8E5A5A1995C /* Debug */,
				0BAAC71178D897E7B58B7262 /* Release */,
			);
			defaultConfigurationIsVisible = 0;
			defaultConfigurationName = Debug;
		};
/* End XCConfigurationList section */
	};
	rootObject = B9ED8879124D8C50671AF524 /* Project object */;
}
