// !$*UTF8*$!
{
	archiveVersion = 1;
	classes = {
	};
	objectVersion = 77;
	objects = {

/* Begin PBXBuildFile section */
		0764F7B5C76D832DEA3EA79B /* HeatmapView.swift in Sources */ = {isa = PBXBuildFile; fileRef = 64B84C628052398F14DA84D2 /* HeatmapView.swift */; };
		09B3B05ACDBE3199D53AB011 /* MonthlyDigestView.swift in Sources */ = {isa = PBXBuildFile; fileRef = EDDBAFAAFA61994CEDEC20E4 /* MonthlyDigestView.swift */; };
		0B3CE8CF6920D236677F35B8 /* AlbumListView.swift in Sources */ = {isa = PBXBuildFile; fileRef = 840D318CDB3DFFDE29295F51 /* AlbumListView.swift */; };
		0DE57B14BA561F9BA8479F1E /* DigitOracleShortcuts.swift in Sources */ = {isa = PBXBuildFile; fileRef = C3D50FBF3D2E0DF4BA75ADF9 /* DigitOracleShortcuts.swift */; };
		0F68A3587E7A936E43C5957C /* SightingMatchCountsSection.swift in Sources */ = {isa = PBXBuildFile; fileRef = E279E0B4C26BCF3C0FB8D4FF /* SightingMatchCountsSection.swift */; };
		0FC6243ADAEF7CEDCD8FC7C9 /* Date+Formatting.swift in Sources */ = {isa = PBXBuildFile; fileRef = 970D68033061F15E7F42FFB0 /* Date+Formatting.swift */; };
		11FE0CFE3A4DB776B13007E0 /* MetadataFormView.swift in Sources */ = {isa = PBXBuildFile; fileRef = 9BD2CBBE81B5D501E402C920 /* MetadataFormView.swift */; };
		15ECE549E21EF9FD2CAE1039 /* ScanResultCard.swift in Sources */ = {isa = PBXBuildFile; fileRef = 17B5E092267166231E5EBAC1 /* ScanResultCard.swift */; };
		1ACA75D63F12A6FE7DAD09C4 /* RarityCalculator.swift in Sources */ = {isa = PBXBuildFile; fileRef = A9D7EB0DEBCE96E0E948A931 /* RarityCalculator.swift */; };
		2160E39CE28EC7625184AF23 /* TimeCapsule.swift in Sources */ = {isa = PBXBuildFile; fileRef = 784EA0324290A46B3F6605EA /* TimeCapsule.swift */; };
		219B2F394694176F05D849BF /* CountWidget.swift in Sources */ = {isa = PBXBuildFile; fileRef = 04C8D59984FEC6089BABFF2C /* CountWidget.swift */; };
		22047D0E62BE56C7130FFF25 /* DigitOracleWidget.appex in Embed Foundation Extensions */ = {isa = PBXBuildFile; fileRef = 3CBB7BFC6FD1FB44BC9C642A /* DigitOracleWidget.appex */; settings = {ATTRIBUTES = (RemoveHeadersOnCopy, ); }; };
		23D5A75006D2A460EA3F92F1 /* Constants.swift in Sources */ = {isa = PBXBuildFile; fileRef = E0D258239A40D63FDEE0A9FF /* Constants.swift */; };
		277D2F63807F72DB8C483C74 /* NotificationSettingsView.swift in Sources */ = {isa = PBXBuildFile; fileRef = 9EA9D2131051683CB85947ED /* NotificationSettingsView.swift */; };
		2947E43B7A3549A9132F6CFA /* ChallengeTemplates.swift in Sources */ = {isa = PBXBuildFile; fileRef = 0F045DD1A19C7C820A0D164D /* ChallengeTemplates.swift */; };
		2C29F5A20F927DA3374A0AF1 /* TrackedNumberService.swift in Sources */ = {isa = PBXBuildFile; fileRef = 982DD53435ED55744AC48BDE /* TrackedNumberService.swift */; };
		2C4C90E32CA10454FB94FD63 /* FlowLayout.swift in Sources */ = {isa = PBXBuildFile; fileRef = F651A81A890C52E4689B1249 /* FlowLayout.swift */; };
		309EB94006E74B335868AF3C /* UserProfile.swift in Sources */ = {isa = PBXBuildFile; fileRef = 220135F0FDEF8B3CCB58A2A0 /* UserProfile.swift */; };
		3234647258D207917353B294 /* RarityBadge.swift in Sources */ = {isa = PBXBuildFile; fileRef = 35ADAA200DF281D8F77675C8 /* RarityBadge.swift */; };
		359BDB7DA6FC6E934DBE1578 /* StatsOverviewView.swift in Sources */ = {isa = PBXBuildFile; fileRef = CFDE526C61C75F4FD9AB4A2E /* StatsOverviewView.swift */; };
		35FE1A78FC37DC9511840E2C /* LocationService.swift in Sources */ = {isa = PBXBuildFile; fileRef = CAC1228B52A66C37D7F7CB1D /* LocationService.swift */; };
		3631D8F9F8FDC28B07BE3D3F /* AlbumDetailView.swift in Sources */ = {isa = PBXBuildFile; fileRef = 93E18D763A59BE5874A7C619 /* AlbumDetailView.swift */; };
		382B72FB51E144347C1BD19B /* SightingDetailView.swift in Sources */ = {isa = PBXBuildFile; fileRef = 8C5CBEF63823D893E90928CC /* SightingDetailView.swift */; };
		3B5C9CF0067AAD2A364A8E9B /* AchievementsView.swift in Sources */ = {isa = PBXBuildFile; fileRef = 42DB0FAA4EB6D8B228D2B771 /* AchievementsView.swift */; };
		3C1B9438F74CDB75A550CF37 /* DetectionOverlayView.swift in Sources */ = {isa = PBXBuildFile; fileRef = 4CC10E3EE7DEFB4F04346472 /* DetectionOverlayView.swift */; };
		402AEA9866010CFB9BFA52A9 /* QuickCaptureWidget.swift in Sources */ = {isa = PBXBuildFile; fileRef = F1941EF97BD0A603ACDCE6DB /* QuickCaptureWidget.swift */; };
		4078ACAB703957BC12DE2986 /* SightingCollectionCard.swift in Sources */ = {isa = PBXBuildFile; fileRef = 478483E8F3437FF39918F87C /* SightingCollectionCard.swift */; };
		45EE33F746128C77C9AAC064 /* DigitOracleApp.swift in Sources */ = {isa = PBXBuildFile; fileRef = F13BC62DF229D2030055DF85 /* DigitOracleApp.swift */; };
		47D4D9AF61D62922A01EFBF2 /* GameKit.framework in Frameworks */ = {isa = PBXBuildFile; fileRef = 88D7EB7461C9D479EC972910 /* GameKit.framework */; };
		4A5BCC74F8EA6F1B941C8E90 /* ShareExtensionView.swift in Sources */ = {isa = PBXBuildFile; fileRef = C53FD7295FE8C69D396251A6 /* ShareExtensionView.swift */; };
		4BE1C6A1F33F61F0F93F3953 /* RarityBorderModifier.swift in Sources */ = {isa = PBXBuildFile; fileRef = 773910CFBE310D5320F18516 /* RarityBorderModifier.swift */; };
		5076CF83B10F3FF31A70FEEC /* ImageStorageService.swift in Sources */ = {isa = PBXBuildFile; fileRef = 29ECAACB58622A48204E9D79 /* ImageStorageService.swift */; };
		50BE28444F39BD19E71D1701 /* SightingEditView.swift in Sources */ = {isa = PBXBuildFile; fileRef = 7C2C0334D418E55EB87E0DB7 /* SightingEditView.swift */; };
		5B3B761E516187496F4ED3E9 /* DevotionsView.swift in Sources */ = {isa = PBXBuildFile; fileRef = C0AD8AC0A38A43ED6549ED57 /* DevotionsView.swift */; };
		5B8B3945C943ABBED191148D /* Font+Theme.swift in Sources */ = {isa = PBXBuildFile; fileRef = 7436849696B3A5319A39C281 /* Font+Theme.swift */; };
		5F1E1CEB2937CF1C6BF93A0E /* PendingSightingService.swift in Sources */ = {isa = PBXBuildFile; fileRef = 4C1F6E112BF6F191762DEA12 /* PendingSightingService.swift */; };
		60051EEE24251E22D8279E82 /* SightingListView.swift in Sources */ = {isa = PBXBuildFile; fileRef = DD259032946F6CCAAD59CEBC /* SightingListView.swift */; };
		60A6D19F86BD37FD269F9EC1 /* Color+Theme.swift in Sources */ = {isa = PBXBuildFile; fileRef = F1C66A5C57BF179A5F8DABD4 /* Color+Theme.swift */; };
		60FE90CF5AF640DBBF22CC7F /* Achievement.swift in Sources */ = {isa = PBXBuildFile; fileRef = 84AAFF7A09CDE15AAC3192D8 /* Achievement.swift */; };
		616E7DB2C2C66EF26B055399 /* StatsCards.swift in Sources */ = {isa = PBXBuildFile; fileRef = 59B7B50871B9B8EA04E3F074 /* StatsCards.swift */; };
		6196B9EE8027EDEE264AA1B0 /* IlluminatedTextModifier.swift in Sources */ = {isa = PBXBuildFile; fileRef = AC3244E54909751EC4361C01 /* IlluminatedTextModifier.swift */; };
		62D1EAA718510EC279FDE82A /* LibraryScannerService.swift in Sources */ = {isa = PBXBuildFile; fileRef = 64D4C6C4BD19BE04FF5825C8 /* LibraryScannerService.swift */; };
		65FBB8C6172B939B792A5C8D /* BulkActionBar.swift in Sources */ = {isa = PBXBuildFile; fileRef = A9F86AEE16F8308D3495AF4D /* BulkActionBar.swift */; };
		666D6BE109220D549B7410F3 /* OracleLoadingView.swift in Sources */ = {isa = PBXBuildFile; fileRef = BDA77D4D2B2D85F7E7F51363 /* OracleLoadingView.swift */; };
		6C25DC845DFF1973E85F76F5 /* DigitOracleWidgets.swift in Sources */ = {isa = PBXBuildFile; fileRef = EB3739EFD92744D9DB020C62 /* DigitOracleWidgets.swift */; };
		6EEE46DCAD67440D7DCEC50B /* AlbumFormView.swift in Sources */ = {isa = PBXBuildFile; fileRef = D77E3485B881C197EE9F0223 /* AlbumFormView.swift */; };
		70EB1B45170849AF922D0B1F /* NumberSelectionView.swift in Sources */ = {isa = PBXBuildFile; fileRef = 733A8DEA98E07A22CBD1A7C2 /* NumberSelectionView.swift */; };
		724A1A020FAE8B907C606BC2 /* CategoryDefinitions.swift in Sources */ = {isa = PBXBuildFile; fileRef = 278ABFD49C14E73075F5E2C3 /* CategoryDefinitions.swift */; };
		73D3A5C2D175EA56EC25CAB5 /* WrappedView.swift in Sources */ = {isa = PBXBuildFile; fileRef = 31B884A1B4B531787998A2E0 /* WrappedView.swift */; };
		74CAB472AA04C8C8A043C77D /* SightingThumbnailView.swift in Sources */ = {isa = PBXBuildFile; fileRef = BF0D81766465BC2A0FD5306D /* SightingThumbnailView.swift */; };
		7966F46ACFAB1475894BE2E6 /* NotificationService.swift in Sources */ = {isa = PBXBuildFile; fileRef = 283A99430A06654B666F0D98 /* NotificationService.swift */; };
		7A23367ED02C0E09E2B394D2 /* Album.swift in Sources */ = {isa = PBXBuildFile; fileRef = 1A476D8DE4BCA73338AAAAC0 /* Album.swift */; };
		7A33D5C4FADCBA15886A9816 /* SightingRowView.swift in Sources */ = {isa = PBXBuildFile; fileRef = 2910F7C424AFEC8525CD96C8 /* SightingRowView.swift */; };
		7B548A154F6295DDEF9E2EBF /* FullScreenImageView.swift in Sources */ = {isa = PBXBuildFile; fileRef = E1EBF613530156C19AFD9696 /* FullScreenImageView.swift */; };
		7F19FACE0421D69FAC7AC706 /* OnboardingView.swift in Sources */ = {isa = PBXBuildFile; fileRef = 2C01A7A6542B1AF2763864D4 /* OnboardingView.swift */; };
		83D3A56EDC671C50829983ED /* Sighting+ImageLoading.swift in Sources */ = {isa = PBXBuildFile; fileRef = EB7E6995CF4F3288C43A9AEE /* Sighting+ImageLoading.swift */; };
		841304159035FD98E14CA4DE /* AlbumPickerView.swift in Sources */ = {isa = PBXBuildFile; fileRef = CEF3E0DA43390A9E915361BB /* AlbumPickerView.swift */; };
		8BAF450F0FAA7E37A3D2D7A6 /* AppLockService.swift in Sources */ = {isa = PBXBuildFile; fileRef = 0CB7C64985AB4C71683D3336 /* AppLockService.swift */; };
		97579BDDF9E93796204AB344 /* OCRSettingsView.swift in Sources */ = {isa = PBXBuildFile; fileRef = 6FA58F4B6EBCC727B2A0523D /* OCRSettingsView.swift */; };
		9B743E2ACB38EB27D4D771C1 /* OnThisDayView.swift in Sources */ = {isa = PBXBuildFile; fileRef = CF25BE85B36EE52EB6392A8B /* OnThisDayView.swift */; };
		9BE624E93A7E455F7FE5E6EE /* SecuritySettingsView.swift in Sources */ = {isa = PBXBuildFile; fileRef = DE3E8A9B16523FC4B065222E /* SecuritySettingsView.swift */; };
		9C482960E601CACF0642FEA7 /* OracleButtonStyle.swift in Sources */ = {isa = PBXBuildFile; fileRef = 6AA2DB411E743FF1FAAD1E21 /* OracleButtonStyle.swift */; };
		9F79C067C630C34525B0A1BE /* AchievementEngine.swift in Sources */ = {isa = PBXBuildFile; fileRef = FCF622FCB4C508A4DD8F8C63 /* AchievementEngine.swift */; };
		9FA1CFB4C13A953F608B3CC9 /* CategoryBreakdownView.swift in Sources */ = {isa = PBXBuildFile; fileRef = 974E38F10C6E4CD9C0F011DA /* CategoryBreakdownView.swift */; };
		A192E6E759E743B1C2F09270 /* FilterSheetView.swift in Sources */ = {isa = PBXBuildFile; fileRef = 18B7694FB9394579E3B20AE4 /* FilterSheetView.swift */; };
		A568E0E27B079E12CB074B1A /* RecentSightingWidget.swift in Sources */ = {isa = PBXBuildFile; fileRef = FF6EF5E0D85040D003CC3B5F /* RecentSightingWidget.swift */; };
		A63C0963B365440566A1B2C3 /* ShareCardView.swift in Sources */ = {isa = PBXBuildFile; fileRef = B03D3F57EE15F4901208F7EA /* ShareCardView.swift */; };
		A74ABF374CE43BD18193E9D2 /* CameraService.swift in Sources */ = {isa = PBXBuildFile; fileRef = ACB384B72824458B3527BE9D /* CameraService.swift */; };
		A789E3AA0119BFD3B7B9229E /* AchievementDefinitions.swift in Sources */ = {isa = PBXBuildFile; fileRef = 63749C1155CA1D9BB9094D32 /* AchievementDefinitions.swift */; };
		A9A2D776CF86A252541759AC /* LiveDetectorView.swift in Sources */ = {isa = PBXBuildFile; fileRef = D3279707BD4F9A91F6A1E95B /* LiveDetectorView.swift */; };
		AAB5487640CF05FB407BF5ED /* DigitOracleShareExtension.appex in Embed Foundation Extensions */ = {isa = PBXBuildFile; fileRef = FDC6414459006B7BDFEE4922 /* DigitOracleShareExtension.appex */; settings = {ATTRIBUTES = (RemoveHeadersOnCopy, ); }; };
		AB58BA3CF4711AD28892A99C /* LeaderboardView.swift in Sources */ = {isa = PBXBuildFile; fileRef = 0E3E3AC03266E5613422CF93 /* LeaderboardView.swift */; };
		AF89ED77149E48C7FC7CD4EC /* StatsCalculator.swift in Sources */ = {isa = PBXBuildFile; fileRef = 6169CFF5277CBDF79CDE1035 /* StatsCalculator.swift */; };
		B5086C96937C0F3FC9AAA1F2 /* ChallengeEngine.swift in Sources */ = {isa = PBXBuildFile; fileRef = 45FA7A46D7D8CD60C95A0343 /* ChallengeEngine.swift */; };
		B5E88FAAB7B068176ACAE4B1 /* LiveDetectorService.swift in Sources */ = {isa = PBXBuildFile; fileRef = E6B667D92EB61CC3A1E53711 /* LiveDetectorService.swift */; };
		B82E52245473B2E52E8D90F4 /* CameraPreviewView.swift in Sources */ = {isa = PBXBuildFile; fileRef = C50E56B24E60D81C4DCB8BDE /* CameraPreviewView.swift */; };
		BC5B76348EEE365C0958B99D /* SightingImageSection.swift in Sources */ = {isa = PBXBuildFile; fileRef = 19C4FDFB06F9E10475B20AA9 /* SightingImageSection.swift */; };
		BDD4C4DFD4171DF36E24E286 /* WidgetData.swift in Sources */ = {isa = PBXBuildFile; fileRef = 438BE36773A997788D22F258 /* WidgetData.swift */; };
		BF681D6907E5441E8B9DA62D /* GameCenterService.swift in Sources */ = {isa = PBXBuildFile; fileRef = 032E2BBE66018CAB2FDB0A55 /* GameCenterService.swift */; };
		C244E07526E2CE7FE11D11B3 /* Challenge.swift in Sources */ = {isa = PBXBuildFile; fileRef = 095C65BD6160CDCF24760DCC /* Challenge.swift */; };
		C4017C6723D23C76A75B4936 /* ShareCardRenderer.swift in Sources */ = {isa = PBXBuildFile; fileRef = C2B349234CFE2C19B69711F6 /* ShareCardRenderer.swift */; };
		C46D3652B0687978B32C8FFF /* OracleTextService.swift in Sources */ = {isa = PBXBuildFile; fileRef = B036D1F5C87A513ADD0856B3 /* OracleTextService.swift */; };
		C5CD27A25BB651F936CC2230 /* CalendarHeatmapView.swift in Sources */ = {isa = PBXBuildFile; fileRef = F12343B82CABF6448A4EA501 /* CalendarHeatmapView.swift */; };
		C7E8D816BA27AA0423A39FFA /* PendingSightingService.swift in Sources */ = {isa = PBXBuildFile; fileRef = 4C1F6E112BF6F191762DEA12 /* PendingSightingService.swift */; };
		C8F6BCA78874D3779E5929F5 /* PhotoLibraryImageService.swift in Sources */ = {isa = PBXBuildFile; fileRef = 73BA0A0AE9980FAD8FA14A1F /* PhotoLibraryImageService.swift */; };
		CBAB9ABAD3A7AC7527C4E340 /* ContentView.swift in Sources */ = {isa = PBXBuildFile; fileRef = D426A7009C1AA83E597CE595 /* ContentView.swift */; };
		CC734AFAC909F858F0A2D267 /* Cinzel.ttf in Resources */ = {isa = PBXBuildFile; fileRef = 6E1FF6395D203056F5E5CADD /* Cinzel.ttf */; };
		CD323EB3031352F2308980A1 /* ActivityViewController.swift in Sources */ = {isa = PBXBuildFile; fileRef = DDD0352ED27BA9DB658A9538 /* ActivityViewController.swift */; };
		D6839CAB0EC41D174A590E5A /* WidgetDataService.swift in Sources */ = {isa = PBXBuildFile; fileRef = 3413A731B4E979C9A3ADEF0E /* WidgetDataService.swift */; };
		D84CEEFF708E0B8E3F1AFCD7 /* PhotoReviewView.swift in Sources */ = {isa = PBXBuildFile; fileRef = AB9B230A5690337B83219420 /* PhotoReviewView.swift */; };
		D8C502A750EE908893801E6E /* ShareViewController.swift in Sources */ = {isa = PBXBuildFile; fileRef = 8F12E5B5BFAE2C2A97A635B4 /* ShareViewController.swift */; };
		DBB4AEC461C4A82933CFE943 /* Constants.swift in Sources */ = {isa = PBXBuildFile; fileRef = E0D258239A40D63FDEE0A9FF /* Constants.swift */; };
		DBB92C92B4CDEAE7E42BC2EB /* AppLockView.swift in Sources */ = {isa = PBXBuildFile; fileRef = B5AB61D2B6092B62387ADCCB /* AppLockView.swift */; };
		DFC16786B9237A2D155F9E84 /* Tag.swift in Sources */ = {isa = PBXBuildFile; fileRef = EFA9D6BF683D22B317191CD0 /* Tag.swift */; };
		E21F297BDA3CD418BF4F3E9F /* PreviewSampleData.swift in Sources */ = {isa = PBXBuildFile; fileRef = FFE7297DD78AC9725913067D /* PreviewSampleData.swift */; };
		E25D3E6DBB21CC6A97CDDCF1 /* ChallengeListView.swift in Sources */ = {isa = PBXBuildFile; fileRef = 8245DC043E587AEFD55CC43A /* ChallengeListView.swift */; };
		E7EE1EEA7BFDEDCCCD710D53 /* Int+Pluralize.swift in Sources */ = {isa = PBXBuildFile; fileRef = B9E7FCAAF1F7954B43A84905 /* Int+Pluralize.swift */; };
		EAE412770FC5F7607280086D /* OCRService.swift in Sources */ = {isa = PBXBuildFile; fileRef = 20FB24663D6AFAC5C534C742 /* OCRService.swift */; };
		EE8CF87800476D7D3578D3DC /* CameraControlsView.swift in Sources */ = {isa = PBXBuildFile; fileRef = D2AAA61FF305EF668A848263 /* CameraControlsView.swift */; };
		EF433110142ECF2AC596150F /* CaptureView.swift in Sources */ = {isa = PBXBuildFile; fileRef = 0E9122EB157E66C9231B7529 /* CaptureView.swift */; };
		EF4DA1B0F6FED1395F383405 /* SettingsView.swift in Sources */ = {isa = PBXBuildFile; fileRef = 2CA0DAC8BAB649B62B325420 /* SettingsView.swift */; };
		EFBB4E5FBBF8356537F8A6AB /* StreakWidget.swift in Sources */ = {isa = PBXBuildFile; fileRef = 3A97891EB265B0A8A116EA40 /* StreakWidget.swift */; };
		F13AF3F31C49FA73AE2CC49A /* Constants.swift in Sources */ = {isa = PBXBuildFile; fileRef = E0D258239A40D63FDEE0A9FF /* Constants.swift */; };
		F78A63597F78550615BDFEF7 /* OracleCard.swift in Sources */ = {isa = PBXBuildFile; fileRef = 0A0D22FE9FD04741D341FBE0 /* OracleCard.swift */; };
		FA9BD93AF69945CFB1BA1E13 /* AppTab.swift in Sources */ = {isa = PBXBuildFile; fileRef = 6608C566C558D25F5C143EC4 /* AppTab.swift */; };
		FB042085A3B24CDB4C93C791 /* Sighting.swift in Sources */ = {isa = PBXBuildFile; fileRef = 7A9E2384529DE08E0C10B730 /* Sighting.swift */; };
		FC3B27897C61AC35E659243E /* LibraryScannerView.swift in Sources */ = {isa = PBXBuildFile; fileRef = 6714CC9D475482C5DE319C4E /* LibraryScannerView.swift */; };
		FE6EBADF44B1ADFD44E609E8 /* Assets.xcassets in Resources */ = {isa = PBXBuildFile; fileRef = F71D0D7B9BB725729C11DF5B /* Assets.xcassets */; };
/* End PBXBuildFile section */

/* Begin PBXContainerItemProxy section */
		6F8FE43C069298189772B061 /* PBXContainerItemProxy */ = {
			isa = PBXContainerItemProxy;
			containerPortal = FB1104594422A824B9EC522C /* Project object */;
			proxyType = 1;
			remoteGlobalIDString = C4764EC708404CA0AE0CA3AC;
			remoteInfo = DigitOracleWidget;
		};
		F28745C23A1A16ACE38B4180 /* PBXContainerItemProxy */ = {
			isa = PBXContainerItemProxy;
			containerPortal = FB1104594422A824B9EC522C /* Project object */;
			proxyType = 1;
			remoteGlobalIDString = B97690C2A613A192770C7DB5;
			remoteInfo = DigitOracleShareExtension;
		};
/* End PBXContainerItemProxy section */

/* Begin PBXCopyFilesBuildPhase section */
		50DA4D3EB7F138F29253195A /* Embed Foundation Extensions */ = {
			isa = PBXCopyFilesBuildPhase;
			buildActionMask = 2147483647;
			dstPath = "";
			dstSubfolderSpec = 13;
			files = (
				22047D0E62BE56C7130FFF25 /* DigitOracleWidget.appex in Embed Foundation Extensions */,
				AAB5487640CF05FB407BF5ED /* DigitOracleShareExtension.appex in Embed Foundation Extensions */,
			);
			name = "Embed Foundation Extensions";
			runOnlyForDeploymentPostprocessing = 0;
		};
/* End PBXCopyFilesBuildPhase section */

/* Begin PBXFileReference section */
		0305FEBBA7C043B97BA89952 /* DigitOracle.entitlements */ = {isa = PBXFileReference; lastKnownFileType = text.plist.entitlements; path = DigitOracle.entitlements; sourceTree = "<group>"; };
		032E2BBE66018CAB2FDB0A55 /* GameCenterService.swift */ = {isa = PBXFileReference; lastKnownFileType = sourcecode.swift; path = GameCenterService.swift; sourceTree = "<group>"; };
		04C8D59984FEC6089BABFF2C /* CountWidget.swift */ = {isa = PBXFileReference; lastKnownFileType = sourcecode.swift; path = CountWidget.swift; sourceTree = "<group>"; };
		095C65BD6160CDCF24760DCC /* Challenge.swift */ = {isa = PBXFileReference; lastKnownFileType = sourcecode.swift; path = Challenge.swift; sourceTree = "<group>"; };
		0A0D22FE9FD04741D341FBE0 /* OracleCard.swift */ = {isa = PBXFileReference; lastKnownFileType = sourcecode.swift; path = OracleCard.swift; sourceTree = "<group>"; };
		0CB7C64985AB4C71683D3336 /* AppLockService.swift */ = {isa = PBXFileReference; lastKnownFileType = sourcecode.swift; path = AppLockService.swift; sourceTree = "<group>"; };
		0E3E3AC03266E5613422CF93 /* LeaderboardView.swift */ = {isa = PBXFileReference; lastKnownFileType = sourcecode.swift; path = LeaderboardView.swift; sourceTree = "<group>"; };
		0E9122EB157E66C9231B7529 /* CaptureView.swift */ = {isa = PBXFileReference; lastKnownFileType = sourcecode.swift; path = CaptureView.swift; sourceTree = "<group>"; };
		0F045DD1A19C7C820A0D164D /* ChallengeTemplates.swift */ = {isa = PBXFileReference; lastKnownFileType = sourcecode.swift; path = ChallengeTemplates.swift; sourceTree = "<group>"; };
		17B5E092267166231E5EBAC1 /* ScanResultCard.swift */ = {isa = PBXFileReference; lastKnownFileType = sourcecode.swift; path = ScanResultCard.swift; sourceTree = "<group>"; };
		18B7694FB9394579E3B20AE4 /* FilterSheetView.swift */ = {isa = PBXFileReference; lastKnownFileType = sourcecode.swift; path = FilterSheetView.swift; sourceTree = "<group>"; };
		19C4FDFB06F9E10475B20AA9 /* SightingImageSection.swift */ = {isa = PBXFileReference; lastKnownFileType = sourcecode.swift; path = SightingImageSection.swift; sourceTree = "<group>"; };
		1A476D8DE4BCA73338AAAAC0 /* Album.swift */ = {isa = PBXFileReference; lastKnownFileType = sourcecode.swift; path = Album.swift; sourceTree = "<group>"; };
		20FB24663D6AFAC5C534C742 /* OCRService.swift */ = {isa = PBXFileReference; lastKnownFileType = sourcecode.swift; path = OCRService.swift; sourceTree = "<group>"; };
		220135F0FDEF8B3CCB58A2A0 /* UserProfile.swift */ = {isa = PBXFileReference; lastKnownFileType = sourcecode.swift; path = UserProfile.swift; sourceTree = "<group>"; };
		26C694746B0CDAD7BB69F8DE /* Info.plist */ = {isa = PBXFileReference; lastKnownFileType = text.plist; path = Info.plist; sourceTree = "<group>"; };
		278ABFD49C14E73075F5E2C3 /* CategoryDefinitions.swift */ = {isa = PBXFileReference; lastKnownFileType = sourcecode.swift; path = CategoryDefinitions.swift; sourceTree = "<group>"; };
		283A99430A06654B666F0D98 /* NotificationService.swift */ = {isa = PBXFileReference; lastKnownFileType = sourcecode.swift; path = NotificationService.swift; sourceTree = "<group>"; };
		2910F7C424AFEC8525CD96C8 /* SightingRowView.swift */ = {isa = PBXFileReference; lastKnownFileType = sourcecode.swift; path = SightingRowView.swift; sourceTree = "<group>"; };
		29ECAACB58622A48204E9D79 /* ImageStorageService.swift */ = {isa = PBXFileReference; lastKnownFileType = sourcecode.swift; path = ImageStorageService.swift; sourceTree = "<group>"; };
		2C01A7A6542B1AF2763864D4 /* OnboardingView.swift */ = {isa = PBXFileReference; lastKnownFileType = sourcecode.swift; path = OnboardingView.swift; sourceTree = "<group>"; };
		2CA0DAC8BAB649B62B325420 /* SettingsView.swift */ = {isa = PBXFileReference; lastKnownFileType = sourcecode.swift; path = SettingsView.swift; sourceTree = "<group>"; };
		31B884A1B4B531787998A2E0 /* WrappedView.swift */ = {isa = PBXFileReference; lastKnownFileType = sourcecode.swift; path = WrappedView.swift; sourceTree = "<group>"; };
		3413A731B4E979C9A3ADEF0E /* WidgetDataService.swift */ = {isa = PBXFileReference; lastKnownFileType = sourcecode.swift; path = WidgetDataService.swift; sourceTree = "<group>"; };
		35A023D5E2E5EA3F4DD9708D /* DigitOracleShareExtension.entitlements */ = {isa = PBXFileReference; lastKnownFileType = text.plist.entitlements; path = DigitOracleShareExtension.entitlements; sourceTree = "<group>"; };
		35ADAA200DF281D8F77675C8 /* RarityBadge.swift */ = {isa = PBXFileReference; lastKnownFileType = sourcecode.swift; path = RarityBadge.swift; sourceTree = "<group>"; };
		3A97891EB265B0A8A116EA40 /* StreakWidget.swift */ = {isa = PBXFileReference; lastKnownFileType = sourcecode.swift; path = StreakWidget.swift; sourceTree = "<group>"; };
		3AE266BDB5FDDB3DA5ADCFD6 /* DigitOracleWidget.entitlements */ = {isa = PBXFileReference; lastKnownFileType = text.plist.entitlements; path = DigitOracleWidget.entitlements; sourceTree = "<group>"; };
		3CBB7BFC6FD1FB44BC9C642A /* DigitOracleWidget.appex */ = {isa = PBXFileReference; includeInIndex = 0; lastKnownFileType = "wrapper.app-extension"; path = DigitOracleWidget.appex; sourceTree = BUILT_PRODUCTS_DIR; };
		42DB0FAA4EB6D8B228D2B771 /* AchievementsView.swift */ = {isa = PBXFileReference; lastKnownFileType = sourcecode.swift; path = AchievementsView.swift; sourceTree = "<group>"; };
		438BE36773A997788D22F258 /* WidgetData.swift */ = {isa = PBXFileReference; lastKnownFileType = sourcecode.swift; path = WidgetData.swift; sourceTree = "<group>"; };
		45FA7A46D7D8CD60C95A0343 /* ChallengeEngine.swift */ = {isa = PBXFileReference; lastKnownFileType = sourcecode.swift; path = ChallengeEngine.swift; sourceTree = "<group>"; };
		478483E8F3437FF39918F87C /* SightingCollectionCard.swift */ = {isa = PBXFileReference; lastKnownFileType = sourcecode.swift; path = SightingCollectionCard.swift; sourceTree = "<group>"; };
		4C1F6E112BF6F191762DEA12 /* PendingSightingService.swift */ = {isa = PBXFileReference; lastKnownFileType = sourcecode.swift; path = PendingSightingService.swift; sourceTree = "<group>"; };
		4CC10E3EE7DEFB4F04346472 /* DetectionOverlayView.swift */ = {isa = PBXFileReference; lastKnownFileType = sourcecode.swift; path = DetectionOverlayView.swift; sourceTree = "<group>"; };
		59B7B50871B9B8EA04E3F074 /* StatsCards.swift */ = {isa = PBXFileReference; lastKnownFileType = sourcecode.swift; path = StatsCards.swift; sourceTree = "<group>"; };
		5FFC0F8BDF8AD3CCA2B7CC58 /* Info.plist */ = {isa = PBXFileReference; lastKnownFileType = text.plist; path = Info.plist; sourceTree = "<group>"; };
		6169CFF5277CBDF79CDE1035 /* StatsCalculator.swift */ = {isa = PBXFileReference; lastKnownFileType = sourcecode.swift; path = StatsCalculator.swift; sourceTree = "<group>"; };
		63749C1155CA1D9BB9094D32 /* AchievementDefinitions.swift */ = {isa = PBXFileReference; lastKnownFileType = sourcecode.swift; path = AchievementDefinitions.swift; sourceTree = "<group>"; };
		649D34836B6C022BBC4F02A9 /* Info.plist */ = {isa = PBXFileReference; lastKnownFileType = text.plist; path = Info.plist; sourceTree = "<group>"; };
		64B84C628052398F14DA84D2 /* HeatmapView.swift */ = {isa = PBXFileReference; lastKnownFileType = sourcecode.swift; path = HeatmapView.swift; sourceTree = "<group>"; };
		64D4C6C4BD19BE04FF5825C8 /* LibraryScannerService.swift */ = {isa = PBXFileReference; lastKnownFileType = sourcecode.swift; path = LibraryScannerService.swift; sourceTree = "<group>"; };
		6608C566C558D25F5C143EC4 /* AppTab.swift */ = {isa = PBXFileReference; lastKnownFileType = sourcecode.swift; path = AppTab.swift; sourceTree = "<group>"; };
		6714CC9D475482C5DE319C4E /* LibraryScannerView.swift */ = {isa = PBXFileReference; lastKnownFileType = sourcecode.swift; path = LibraryScannerView.swift; sourceTree = "<group>"; };
		6AA2DB411E743FF1FAAD1E21 /* OracleButtonStyle.swift */ = {isa = PBXFileReference; lastKnownFileType = sourcecode.swift; path = OracleButtonStyle.swift; sourceTree = "<group>"; };
		6E1FF6395D203056F5E5CADD /* Cinzel.ttf */ = {isa = PBXFileReference; lastKnownFileType = file; path = Cinzel.ttf; sourceTree = "<group>"; };
		6FA58F4B6EBCC727B2A0523D /* OCRSettingsView.swift */ = {isa = PBXFileReference; lastKnownFileType = sourcecode.swift; path = OCRSettingsView.swift; sourceTree = "<group>"; };
		733A8DEA98E07A22CBD1A7C2 /* NumberSelectionView.swift */ = {isa = PBXFileReference; lastKnownFileType = sourcecode.swift; path = NumberSelectionView.swift; sourceTree = "<group>"; };
		73BA0A0AE9980FAD8FA14A1F /* PhotoLibraryImageService.swift */ = {isa = PBXFileReference; lastKnownFileType = sourcecode.swift; path = PhotoLibraryImageService.swift; sourceTree = "<group>"; };
		7436849696B3A5319A39C281 /* Font+Theme.swift */ = {isa = PBXFileReference; lastKnownFileType = sourcecode.swift; path = "Font+Theme.swift"; sourceTree = "<group>"; };
		773910CFBE310D5320F18516 /* RarityBorderModifier.swift */ = {isa = PBXFileReference; lastKnownFileType = sourcecode.swift; path = RarityBorderModifier.swift; sourceTree = "<group>"; };
		78020F308F659985D88AB64C /* DigitOracle.app */ = {isa = PBXFileReference; includeInIndex = 0; lastKnownFileType = wrapper.application; path = DigitOracle.app; sourceTree = BUILT_PRODUCTS_DIR; };
		784EA0324290A46B3F6605EA /* TimeCapsule.swift */ = {isa = PBXFileReference; lastKnownFileType = sourcecode.swift; path = TimeCapsule.swift; sourceTree = "<group>"; };
		7A9E2384529DE08E0C10B730 /* Sighting.swift */ = {isa = PBXFileReference; lastKnownFileType = sourcecode.swift; path = Sighting.swift; sourceTree = "<group>"; };
		7C2C0334D418E55EB87E0DB7 /* SightingEditView.swift */ = {isa = PBXFileReference; lastKnownFileType = sourcecode.swift; path = SightingEditView.swift; sourceTree = "<group>"; };
		8245DC043E587AEFD55CC43A /* ChallengeListView.swift */ = {isa = PBXFileReference; lastKnownFileType = sourcecode.swift; path = ChallengeListView.swift; sourceTree = "<group>"; };
		840D318CDB3DFFDE29295F51 /* AlbumListView.swift */ = {isa = PBXFileReference; lastKnownFileType = sourcecode.swift; path = AlbumListView.swift; sourceTree = "<group>"; };
		84AAFF7A09CDE15AAC3192D8 /* Achievement.swift */ = {isa = PBXFileReference; lastKnownFileType = sourcecode.swift; path = Achievement.swift; sourceTree = "<group>"; };
		88D7EB7461C9D479EC972910 /* GameKit.framework */ = {isa = PBXFileReference; lastKnownFileType = wrapper.framework; path = GameKit.framework; sourceTree = "<group>"; };
		8C5CBEF63823D893E90928CC /* SightingDetailView.swift */ = {isa = PBXFileReference; lastKnownFileType = sourcecode.swift; path = SightingDetailView.swift; sourceTree = "<group>"; };
		8F12E5B5BFAE2C2A97A635B4 /* ShareViewController.swift */ = {isa = PBXFileReference; lastKnownFileType = sourcecode.swift; path = ShareViewController.swift; sourceTree = "<group>"; };
		93E18D763A59BE5874A7C619 /* AlbumDetailView.swift */ = {isa = PBXFileReference; lastKnownFileType = sourcecode.swift; path = AlbumDetailView.swift; sourceTree = "<group>"; };
		970D68033061F15E7F42FFB0 /* Date+Formatting.swift */ = {isa = PBXFileReference; lastKnownFileType = sourcecode.swift; path = "Date+Formatting.swift"; sourceTree = "<group>"; };
		974E38F10C6E4CD9C0F011DA /* CategoryBreakdownView.swift */ = {isa = PBXFileReference; lastKnownFileType = sourcecode.swift; path = CategoryBreakdownView.swift; sourceTree = "<group>"; };
		982DD53435ED55744AC48BDE /* TrackedNumberService.swift */ = {isa = PBXFileReference; lastKnownFileType = sourcecode.swift; path = TrackedNumberService.swift; sourceTree = "<group>"; };
		9BD2CBBE81B5D501E402C920 /* MetadataFormView.swift */ = {isa = PBXFileReference; lastKnownFileType = sourcecode.swift; path = MetadataFormView.swift; sourceTree = "<group>"; };
		9EA9D2131051683CB85947ED /* NotificationSettingsView.swift */ = {isa = PBXFileReference; lastKnownFileType = sourcecode.swift; path = NotificationSettingsView.swift; sourceTree = "<group>"; };
		A9D7EB0DEBCE96E0E948A931 /* RarityCalculator.swift */ = {isa = PBXFileReference; lastKnownFileType = sourcecode.swift; path = RarityCalculator.swift; sourceTree = "<group>"; };
		A9F86AEE16F8308D3495AF4D /* BulkActionBar.swift */ = {isa = PBXFileReference; lastKnownFileType = sourcecode.swift; path = BulkActionBar.swift; sourceTree = "<group>"; };
		AB9B230A5690337B83219420 /* PhotoReviewView.swift */ = {isa = PBXFileReference; lastKnownFileType = sourcecode.swift; path = PhotoReviewView.swift; sourceTree = "<group>"; };
		AC3244E54909751EC4361C01 /* IlluminatedTextModifier.swift */ = {isa = PBXFileReference; lastKnownFileType = sourcecode.swift; path = IlluminatedTextModifier.swift; sourceTree = "<group>"; };
		ACB384B72824458B3527BE9D /* CameraService.swift */ = {isa = PBXFileReference; lastKnownFileType = sourcecode.swift; path = CameraService.swift; sourceTree = "<group>"; };
		B036D1F5C87A513ADD0856B3 /* OracleTextService.swift */ = {isa = PBXFileReference; lastKnownFileType = sourcecode.swift; path = OracleTextService.swift; sourceTree = "<group>"; };
		B03D3F57EE15F4901208F7EA /* ShareCardView.swift */ = {isa = PBXFileReference; lastKnownFileType = sourcecode.swift; path = ShareCardView.swift; sourceTree = "<group>"; };
		B5AB61D2B6092B62387ADCCB /* AppLockView.swift */ = {isa = PBXFileReference; lastKnownFileType = sourcecode.swift; path = AppLockView.swift; sourceTree = "<group>"; };
		B9E7FCAAF1F7954B43A84905 /* Int+Pluralize.swift */ = {isa = PBXFileReference; lastKnownFileType = sourcecode.swift; path = "Int+Pluralize.swift"; sourceTree = "<group>"; };
		BDA77D4D2B2D85F7E7F51363 /* OracleLoadingView.swift */ = {isa = PBXFileReference; lastKnownFileType = sourcecode.swift; path = OracleLoadingView.swift; sourceTree = "<group>"; };
		BF0D81766465BC2A0FD5306D /* SightingThumbnailView.swift */ = {isa = PBXFileReference; lastKnownFileType = sourcecode.swift; path = SightingThumbnailView.swift; sourceTree = "<group>"; };
		C0AD8AC0A38A43ED6549ED57 /* DevotionsView.swift */ = {isa = PBXFileReference; lastKnownFileType = sourcecode.swift; path = DevotionsView.swift; sourceTree = "<group>"; };
		C2B349234CFE2C19B69711F6 /* ShareCardRenderer.swift */ = {isa = PBXFileReference; lastKnownFileType = sourcecode.swift; path = ShareCardRenderer.swift; sourceTree = "<group>"; };
		C3D50FBF3D2E0DF4BA75ADF9 /* DigitOracleShortcuts.swift */ = {isa = PBXFileReference; lastKnownFileType = sourcecode.swift; path = DigitOracleShortcuts.swift; sourceTree = "<group>"; };
		C50E56B24E60D81C4DCB8BDE /* CameraPreviewView.swift */ = {isa = PBXFileReference; lastKnownFileType = sourcecode.swift; path = CameraPreviewView.swift; sourceTree = "<group>"; };
		C53FD7295FE8C69D396251A6 /* ShareExtensionView.swift */ = {isa = PBXFileReference; lastKnownFileType = sourcecode.swift; path = ShareExtensionView.swift; sourceTree = "<group>"; };
		CAC1228B52A66C37D7F7CB1D /* LocationService.swift */ = {isa = PBXFileReference; lastKnownFileType = sourcecode.swift; path = LocationService.swift; sourceTree = "<group>"; };
		CEF3E0DA43390A9E915361BB /* AlbumPickerView.swift */ = {isa = PBXFileReference; lastKnownFileType = sourcecode.swift; path = AlbumPickerView.swift; sourceTree = "<group>"; };
		CF25BE85B36EE52EB6392A8B /* OnThisDayView.swift */ = {isa = PBXFileReference; lastKnownFileType = sourcecode.swift; path = OnThisDayView.swift; sourceTree = "<group>"; };
		CFDE526C61C75F4FD9AB4A2E /* StatsOverviewView.swift */ = {isa = PBXFileReference; lastKnownFileType = sourcecode.swift; path = StatsOverviewView.swift; sourceTree = "<group>"; };
		D2AAA61FF305EF668A848263 /* CameraControlsView.swift */ = {isa = PBXFileReference; lastKnownFileType = sourcecode.swift; path = CameraControlsView.swift; sourceTree = "<group>"; };
		D3279707BD4F9A91F6A1E95B /* LiveDetectorView.swift */ = {isa = PBXFileReference; lastKnownFileType = sourcecode.swift; path = LiveDetectorView.swift; sourceTree = "<group>"; };
		D426A7009C1AA83E597CE595 /* ContentView.swift */ = {isa = PBXFileReference; lastKnownFileType = sourcecode.swift; path = ContentView.swift; sourceTree = "<group>"; };
		D77E3485B881C197EE9F0223 /* AlbumFormView.swift */ = {isa = PBXFileReference; lastKnownFileType = sourcecode.swift; path = AlbumFormView.swift; sourceTree = "<group>"; };
		DD259032946F6CCAAD59CEBC /* SightingListView.swift */ = {isa = PBXFileReference; lastKnownFileType = sourcecode.swift; path = SightingListView.swift; sourceTree = "<group>"; };
		DDD0352ED27BA9DB658A9538 /* ActivityViewController.swift */ = {isa = PBXFileReference; lastKnownFileType = sourcecode.swift; path = ActivityViewController.swift; sourceTree = "<group>"; };
		DE3E8A9B16523FC4B065222E /* SecuritySettingsView.swift */ = {isa = PBXFileReference; lastKnownFileType = sourcecode.swift; path = SecuritySettingsView.swift; sourceTree = "<group>"; };
		E0D258239A40D63FDEE0A9FF /* Constants.swift */ = {isa = PBXFileReference; lastKnownFileType = sourcecode.swift; path = Constants.swift; sourceTree = "<group>"; };
		E1EBF613530156C19AFD9696 /* FullScreenImageView.swift */ = {isa = PBXFileReference; lastKnownFileType = sourcecode.swift; path = FullScreenImageView.swift; sourceTree = "<group>"; };
		E279E0B4C26BCF3C0FB8D4FF /* SightingMatchCountsSection.swift */ = {isa = PBXFileReference; lastKnownFileType = sourcecode.swift; path = SightingMatchCountsSection.swift; sourceTree = "<group>"; };
		E6B667D92EB61CC3A1E53711 /* LiveDetectorService.swift */ = {isa = PBXFileReference; lastKnownFileType = sourcecode.swift; path = LiveDetectorService.swift; sourceTree = "<group>"; };
		EB3739EFD92744D9DB020C62 /* DigitOracleWidgets.swift */ = {isa = PBXFileReference; lastKnownFileType = sourcecode.swift; path = DigitOracleWidgets.swift; sourceTree = "<group>"; };
		EB7E6995CF4F3288C43A9AEE /* Sighting+ImageLoading.swift */ = {isa = PBXFileReference; lastKnownFileType = sourcecode.swift; path = "Sighting+ImageLoading.swift"; sourceTree = "<group>"; };
		EDDBAFAAFA61994CEDEC20E4 /* MonthlyDigestView.swift */ = {isa = PBXFileReference; lastKnownFileType = sourcecode.swift; path = MonthlyDigestView.swift; sourceTree = "<group>"; };
		EFA9D6BF683D22B317191CD0 /* Tag.swift */ = {isa = PBXFileReference; lastKnownFileType = sourcecode.swift; path = Tag.swift; sourceTree = "<group>"; };
		F12343B82CABF6448A4EA501 /* CalendarHeatmapView.swift */ = {isa = PBXFileReference; lastKnownFileType = sourcecode.swift; path = CalendarHeatmapView.swift; sourceTree = "<group>"; };
		F13BC62DF229D2030055DF85 /* DigitOracleApp.swift */ = {isa = PBXFileReference; lastKnownFileType = sourcecode.swift; path = DigitOracleApp.swift; sourceTree = "<group>"; };
		F1941EF97BD0A603ACDCE6DB /* QuickCaptureWidget.swift */ = {isa = PBXFileReference; lastKnownFileType = sourcecode.swift; path = QuickCaptureWidget.swift; sourceTree = "<group>"; };
		F1C66A5C57BF179A5F8DABD4 /* Color+Theme.swift */ = {isa = PBXFileReference; lastKnownFileType = sourcecode.swift; path = "Color+Theme.swift"; sourceTree = "<group>"; };
		F651A81A890C52E4689B1249 /* FlowLayout.swift */ = {isa = PBXFileReference; lastKnownFileType = sourcecode.swift; path = FlowLayout.swift; sourceTree = "<group>"; };
		F71D0D7B9BB725729C11DF5B /* Assets.xcassets */ = {isa = PBXFileReference; lastKnownFileType = folder.assetcatalog; path = Assets.xcassets; sourceTree = "<group>"; };
		FCF622FCB4C508A4DD8F8C63 /* AchievementEngine.swift */ = {isa = PBXFileReference; lastKnownFileType = sourcecode.swift; path = AchievementEngine.swift; sourceTree = "<group>"; };
		FDC6414459006B7BDFEE4922 /* DigitOracleShareExtension.appex */ = {isa = PBXFileReference; includeInIndex = 0; lastKnownFileType = "wrapper.app-extension"; path = DigitOracleShareExtension.appex; sourceTree = BUILT_PRODUCTS_DIR; };
		FF6EF5E0D85040D003CC3B5F /* RecentSightingWidget.swift */ = {isa = PBXFileReference; lastKnownFileType = sourcecode.swift; path = RecentSightingWidget.swift; sourceTree = "<group>"; };
		FFE7297DD78AC9725913067D /* PreviewSampleData.swift */ = {isa = PBXFileReference; lastKnownFileType = sourcecode.swift; path = PreviewSampleData.swift; sourceTree = "<group>"; };
/* End PBXFileReference section */

/* Begin PBXFrameworksBuildPhase section */
		E0464A4C3232FF8BECAFA7C9 /* Frameworks */ = {
			isa = PBXFrameworksBuildPhase;
			buildActionMask = 2147483647;
			files = (
				47D4D9AF61D62922A01EFBF2 /* GameKit.framework in Frameworks */,
			);
			runOnlyForDeploymentPostprocessing = 0;
		};
/* End PBXFrameworksBuildPhase section */

/* Begin PBXGroup section */
		00126749CA98AC58B8A1E497 /* Memories */ = {
			isa = PBXGroup;
			children = (
				CF25BE85B36EE52EB6392A8B /* OnThisDayView.swift */,
			);
			path = Memories;
			sourceTree = "<group>";
		};
		1CC42EEBAF8B5897CE273B8B /* Sightings */ = {
			isa = PBXGroup;
			children = (
				18B7694FB9394579E3B20AE4 /* FilterSheetView.swift */,
				E1EBF613530156C19AFD9696 /* FullScreenImageView.swift */,
				8C5CBEF63823D893E90928CC /* SightingDetailView.swift */,
				7C2C0334D418E55EB87E0DB7 /* SightingEditView.swift */,
				19C4FDFB06F9E10475B20AA9 /* SightingImageSection.swift */,
				DD259032946F6CCAAD59CEBC /* SightingListView.swift */,
				E279E0B4C26BCF3C0FB8D4FF /* SightingMatchCountsSection.swift */,
				2910F7C424AFEC8525CD96C8 /* SightingRowView.swift */,
				BF0D81766465BC2A0FD5306D /* SightingThumbnailView.swift */,
			);
			path = Sightings;
			sourceTree = "<group>";
		};
		1E46DC9CA9EA88A0254190ED /* Fonts */ = {
			isa = PBXGroup;
			children = (
				6E1FF6395D203056F5E5CADD /* Cinzel.ttf */,
			);
			path = Fonts;
			sourceTree = "<group>";
		};
		2085AB669E25C50CA9CD9B18 /* Views */ = {
			isa = PBXGroup;
			children = (
				D426A7009C1AA83E597CE595 /* ContentView.swift */,
				81D30D5496B15D7282E9B7DF /* Albums */,
				96B730ED72F92A859776C89B /* AppLock */,
				90C2745BC45E4014C2888BDA /* Capture */,
				4777EBD3FA1C4F2DB36CBB95 /* Challenges */,
				8EF47B5AB538563A14B11DDC /* Components */,
				00126749CA98AC58B8A1E497 /* Memories */,
				71347448BC227C234D8DEAF5 /* Onboarding */,
				426953C3A097DC96F6E61682 /* Scanner */,
				9C1B8A95F4A9DDE906C61EBC /* Settings */,
				9F7F6467F2A1C2231DE8D50F /* Sharing */,
				1CC42EEBAF8B5897CE273B8B /* Sightings */,
				80FC85271DA79DA07AA64300 /* Stats */,
			);
			path = Views;
			sourceTree = "<group>";
		};
		334A0100A0BA74101E73CAA4 = {
			isa = PBXGroup;
			children = (
				FCB1DB1FED5B52DB658E1259 /* DigitOracle */,
				E6A57039944495971B7E8530 /* DigitOracleIntents */,
				82649C69762DC41925CD016D /* DigitOracleShareExtension */,
				73D7B5091B3CB8425FAC3002 /* DigitOracleWidget */,
				74C18589C4E43EA95AFFC029 /* Frameworks */,
				EB690347D64B82E3BE8F9C9A /* Products */,
			);
			sourceTree = "<group>";
		};
		4138225670175FEF113EA4DC /* Utilities */ = {
			isa = PBXGroup;
			children = (
				63749C1155CA1D9BB9094D32 /* AchievementDefinitions.swift */,
				278ABFD49C14E73075F5E2C3 /* CategoryDefinitions.swift */,
				0F045DD1A19C7C820A0D164D /* ChallengeTemplates.swift */,
				E0D258239A40D63FDEE0A9FF /* Constants.swift */,
				FFE7297DD78AC9725913067D /* PreviewSampleData.swift */,
				41C8F8636E26FA599C09F38D /* Extensions */,
			);
			path = Utilities;
			sourceTree = "<group>";
		};
		41C8F8636E26FA599C09F38D /* Extensions */ = {
			isa = PBXGroup;
			children = (
				F1C66A5C57BF179A5F8DABD4 /* Color+Theme.swift */,
				970D68033061F15E7F42FFB0 /* Date+Formatting.swift */,
				7436849696B3A5319A39C281 /* Font+Theme.swift */,
				B9E7FCAAF1F7954B43A84905 /* Int+Pluralize.swift */,
				EB7E6995CF4F3288C43A9AEE /* Sighting+ImageLoading.swift */,
			);
			path = Extensions;
			sourceTree = "<group>";
		};
		426953C3A097DC96F6E61682 /* Scanner */ = {
			isa = PBXGroup;
			children = (
				6714CC9D475482C5DE319C4E /* LibraryScannerView.swift */,
				17B5E092267166231E5EBAC1 /* ScanResultCard.swift */,
			);
			path = Scanner;
			sourceTree = "<group>";
		};
		4777EBD3FA1C4F2DB36CBB95 /* Challenges */ = {
			isa = PBXGroup;
			children = (
				8245DC043E587AEFD55CC43A /* ChallengeListView.swift */,
			);
			path = Challenges;
			sourceTree = "<group>";
		};
		4BADA11DFBA5734E49E24A8B /* Models */ = {
			isa = PBXGroup;
			children = (
				84AAFF7A09CDE15AAC3192D8 /* Achievement.swift */,
				1A476D8DE4BCA73338AAAAC0 /* Album.swift */,
				095C65BD6160CDCF24760DCC /* Challenge.swift */,
				7A9E2384529DE08E0C10B730 /* Sighting.swift */,
				EFA9D6BF683D22B317191CD0 /* Tag.swift */,
				784EA0324290A46B3F6605EA /* TimeCapsule.swift */,
				220135F0FDEF8B3CCB58A2A0 /* UserProfile.swift */,
			);
			path = Models;
			sourceTree = "<group>";
		};
		5F76AC69E214D09D7C6091A5 /* Resources */ = {
			isa = PBXGroup;
			children = (
				1E46DC9CA9EA88A0254190ED /* Fonts */,
			);
			path = Resources;
			sourceTree = "<group>";
		};
		71347448BC227C234D8DEAF5 /* Onboarding */ = {
			isa = PBXGroup;
			children = (
				733A8DEA98E07A22CBD1A7C2 /* NumberSelectionView.swift */,
				2C01A7A6542B1AF2763864D4 /* OnboardingView.swift */,
			);
			path = Onboarding;
			sourceTree = "<group>";
		};
		73D7B5091B3CB8425FAC3002 /* DigitOracleWidget */ = {
			isa = PBXGroup;
			children = (
				04C8D59984FEC6089BABFF2C /* CountWidget.swift */,
				3AE266BDB5FDDB3DA5ADCFD6 /* DigitOracleWidget.entitlements */,
				EB3739EFD92744D9DB020C62 /* DigitOracleWidgets.swift */,
				26C694746B0CDAD7BB69F8DE /* Info.plist */,
				F1941EF97BD0A603ACDCE6DB /* QuickCaptureWidget.swift */,
				FF6EF5E0D85040D003CC3B5F /* RecentSightingWidget.swift */,
				3A97891EB265B0A8A116EA40 /* StreakWidget.swift */,
				438BE36773A997788D22F258 /* WidgetData.swift */,
			);
			path = DigitOracleWidget;
			sourceTree = "<group>";
		};
		74C18589C4E43EA95AFFC029 /* Frameworks */ = {
			isa = PBXGroup;
			children = (
				88D7EB7461C9D479EC972910 /* GameKit.framework */,
			);
			name = Frameworks;
			sourceTree = "<group>";
		};
		7F0B816484F57E8DA7A002FC /* Services */ = {
			isa = PBXGroup;
			children = (
				FCF622FCB4C508A4DD8F8C63 /* AchievementEngine.swift */,
				0CB7C64985AB4C71683D3336 /* AppLockService.swift */,
				ACB384B72824458B3527BE9D /* CameraService.swift */,
				45FA7A46D7D8CD60C95A0343 /* ChallengeEngine.swift */,
				032E2BBE66018CAB2FDB0A55 /* GameCenterService.swift */,
				29ECAACB58622A48204E9D79 /* ImageStorageService.swift */,
				64D4C6C4BD19BE04FF5825C8 /* LibraryScannerService.swift */,
				E6B667D92EB61CC3A1E53711 /* LiveDetectorService.swift */,
				CAC1228B52A66C37D7F7CB1D /* LocationService.swift */,
				283A99430A06654B666F0D98 /* NotificationService.swift */,
				20FB24663D6AFAC5C534C742 /* OCRService.swift */,
				B036D1F5C87A513ADD0856B3 /* OracleTextService.swift */,
				4C1F6E112BF6F191762DEA12 /* PendingSightingService.swift */,
				73BA0A0AE9980FAD8FA14A1F /* PhotoLibraryImageService.swift */,
				A9D7EB0DEBCE96E0E948A931 /* RarityCalculator.swift */,
				6169CFF5277CBDF79CDE1035 /* StatsCalculator.swift */,
				982DD53435ED55744AC48BDE /* TrackedNumberService.swift */,
				3413A731B4E979C9A3ADEF0E /* WidgetDataService.swift */,
			);
			path = Services;
			sourceTree = "<group>";
		};
		80FC85271DA79DA07AA64300 /* Stats */ = {
			isa = PBXGroup;
			children = (
				42DB0FAA4EB6D8B228D2B771 /* AchievementsView.swift */,
				F12343B82CABF6448A4EA501 /* CalendarHeatmapView.swift */,
				974E38F10C6E4CD9C0F011DA /* CategoryBreakdownView.swift */,
				C0AD8AC0A38A43ED6549ED57 /* DevotionsView.swift */,
				64B84C628052398F14DA84D2 /* HeatmapView.swift */,
				0E3E3AC03266E5613422CF93 /* LeaderboardView.swift */,
				EDDBAFAAFA61994CEDEC20E4 /* MonthlyDigestView.swift */,
				59B7B50871B9B8EA04E3F074 /* StatsCards.swift */,
				CFDE526C61C75F4FD9AB4A2E /* StatsOverviewView.swift */,
				31B884A1B4B531787998A2E0 /* WrappedView.swift */,
			);
			path = Stats;
			sourceTree = "<group>";
		};
		81D30D5496B15D7282E9B7DF /* Albums */ = {
			isa = PBXGroup;
			children = (
				93E18D763A59BE5874A7C619 /* AlbumDetailView.swift */,
				D77E3485B881C197EE9F0223 /* AlbumFormView.swift */,
				840D318CDB3DFFDE29295F51 /* AlbumListView.swift */,
				CEF3E0DA43390A9E915361BB /* AlbumPickerView.swift */,
			);
			path = Albums;
			sourceTree = "<group>";
		};
		82649C69762DC41925CD016D /* DigitOracleShareExtension */ = {
			isa = PBXGroup;
			children = (
				35A023D5E2E5EA3F4DD9708D /* DigitOracleShareExtension.entitlements */,
				5FFC0F8BDF8AD3CCA2B7CC58 /* Info.plist */,
				C53FD7295FE8C69D396251A6 /* ShareExtensionView.swift */,
				8F12E5B5BFAE2C2A97A635B4 /* ShareViewController.swift */,
			);
			path = DigitOracleShareExtension;
			sourceTree = "<group>";
		};
		8EF47B5AB538563A14B11DDC /* Components */ = {
			isa = PBXGroup;
			children = (
				A9F86AEE16F8308D3495AF4D /* BulkActionBar.swift */,
				F651A81A890C52E4689B1249 /* FlowLayout.swift */,
				AC3244E54909751EC4361C01 /* IlluminatedTextModifier.swift */,
				6AA2DB411E743FF1FAAD1E21 /* OracleButtonStyle.swift */,
				0A0D22FE9FD04741D341FBE0 /* OracleCard.swift */,
				BDA77D4D2B2D85F7E7F51363 /* OracleLoadingView.swift */,
				35ADAA200DF281D8F77675C8 /* RarityBadge.swift */,
				773910CFBE310D5320F18516 /* RarityBorderModifier.swift */,
				478483E8F3437FF39918F87C /* SightingCollectionCard.swift */,
			);
			path = Components;
			sourceTree = "<group>";
		};
		90C2745BC45E4014C2888BDA /* Capture */ = {
			isa = PBXGroup;
			children = (
				D2AAA61FF305EF668A848263 /* CameraControlsView.swift */,
				C50E56B24E60D81C4DCB8BDE /* CameraPreviewView.swift */,
				0E9122EB157E66C9231B7529 /* CaptureView.swift */,
				4CC10E3EE7DEFB4F04346472 /* DetectionOverlayView.swift */,
				D3279707BD4F9A91F6A1E95B /* LiveDetectorView.swift */,
				9BD2CBBE81B5D501E402C920 /* MetadataFormView.swift */,
				AB9B230A5690337B83219420 /* PhotoReviewView.swift */,
			);
			path = Capture;
			sourceTree = "<group>";
		};
		96B730ED72F92A859776C89B /* AppLock */ = {
			isa = PBXGroup;
			children = (
				B5AB61D2B6092B62387ADCCB /* AppLockView.swift */,
			);
			path = AppLock;
			sourceTree = "<group>";
		};
		9C1B8A95F4A9DDE906C61EBC /* Settings */ = {
			isa = PBXGroup;
			children = (
				9EA9D2131051683CB85947ED /* NotificationSettingsView.swift */,
				6FA58F4B6EBCC727B2A0523D /* OCRSettingsView.swift */,
				DE3E8A9B16523FC4B065222E /* SecuritySettingsView.swift */,
				2CA0DAC8BAB649B62B325420 /* SettingsView.swift */,
			);
			path = Settings;
			sourceTree = "<group>";
		};
		9F7F6467F2A1C2231DE8D50F /* Sharing */ = {
			isa = PBXGroup;
			children = (
				DDD0352ED27BA9DB658A9538 /* ActivityViewController.swift */,
				C2B349234CFE2C19B69711F6 /* ShareCardRenderer.swift */,
				B03D3F57EE15F4901208F7EA /* ShareCardView.swift */,
			);
			path = Sharing;
			sourceTree = "<group>";
		};
		DB7F47D7F0B79DA6ED2889E9 /* Navigation */ = {
			isa = PBXGroup;
			children = (
				6608C566C558D25F5C143EC4 /* AppTab.swift */,
			);
			path = Navigation;
			sourceTree = "<group>";
		};
		E6A57039944495971B7E8530 /* DigitOracleIntents */ = {
			isa = PBXGroup;
			children = (
				C3D50FBF3D2E0DF4BA75ADF9 /* DigitOracleShortcuts.swift */,
			);
			path = DigitOracleIntents;
			sourceTree = "<group>";
		};
		EB690347D64B82E3BE8F9C9A /* Products */ = {
			isa = PBXGroup;
			children = (
				78020F308F659985D88AB64C /* DigitOracle.app */,
				FDC6414459006B7BDFEE4922 /* DigitOracleShareExtension.appex */,
				3CBB7BFC6FD1FB44BC9C642A /* DigitOracleWidget.appex */,
			);
			name = Products;
			sourceTree = "<group>";
		};
		FCB1DB1FED5B52DB658E1259 /* DigitOracle */ = {
			isa = PBXGroup;
			children = (
				F71D0D7B9BB725729C11DF5B /* Assets.xcassets */,
				0305FEBBA7C043B97BA89952 /* DigitOracle.entitlements */,
				F13BC62DF229D2030055DF85 /* DigitOracleApp.swift */,
				649D34836B6C022BBC4F02A9 /* Info.plist */,
				4BADA11DFBA5734E49E24A8B /* Models */,
				DB7F47D7F0B79DA6ED2889E9 /* Navigation */,
				5F76AC69E214D09D7C6091A5 /* Resources */,
				7F0B816484F57E8DA7A002FC /* Services */,
				4138225670175FEF113EA4DC /* Utilities */,
				2085AB669E25C50CA9CD9B18 /* Views */,
			);
			path = DigitOracle;
			sourceTree = "<group>";
		};
/* End PBXGroup section */

/* Begin PBXNativeTarget section */
		481EC9593AF6DDC6C31B133E /* DigitOracle */ = {
			isa = PBXNativeTarget;
			buildConfigurationList = 61E6A7EB63148DC354AD6DA1 /* Build configuration list for PBXNativeTarget "DigitOracle" */;
			buildPhases = (
				35A2EA2EA187A7156498A4E6 /* Sources */,
				256E7433DB198203B17EBBFB /* Resources */,
				E0464A4C3232FF8BECAFA7C9 /* Frameworks */,
				50DA4D3EB7F138F29253195A /* Embed Foundation Extensions */,
			);
			buildRules = (
			);
			dependencies = (
				8E5F485076137D979250B61C /* PBXTargetDependency */,
				39178058B6AA36736A6B48DD /* PBXTargetDependency */,
			);
			name = DigitOracle;
			packageProductDependencies = (
			);
			productName = DigitOracle;
			productReference = 78020F308F659985D88AB64C /* DigitOracle.app */;
			productType = "com.apple.product-type.application";
		};
		B97690C2A613A192770C7DB5 /* DigitOracleShareExtension */ = {
			isa = PBXNativeTarget;
			buildConfigurationList = 4E07DBCC799EA85FF9D6AAF2 /* Build configuration list for PBXNativeTarget "DigitOracleShareExtension" */;
			buildPhases = (
				91E02AE0F0EA449658A2AD34 /* Sources */,
			);
			buildRules = (
			);
			dependencies = (
			);
			name = DigitOracleShareExtension;
			packageProductDependencies = (
			);
			productName = DigitOracleShareExtension;
			productReference = FDC6414459006B7BDFEE4922 /* DigitOracleShareExtension.appex */;
			productType = "com.apple.product-type.app-extension";
		};
		C4764EC708404CA0AE0CA3AC /* DigitOracleWidget */ = {
			isa = PBXNativeTarget;
			buildConfigurationList = F3FDF3A510742D468E61B8B9 /* Build configuration list for PBXNativeTarget "DigitOracleWidget" */;
			buildPhases = (
				6CADB1373AADBFFF67DD862E /* Sources */,
			);
			buildRules = (
			);
			dependencies = (
			);
			name = DigitOracleWidget;
			packageProductDependencies = (
			);
			productName = DigitOracleWidget;
			productReference = 3CBB7BFC6FD1FB44BC9C642A /* DigitOracleWidget.appex */;
			productType = "com.apple.product-type.app-extension";
		};
/* End PBXNativeTarget section */

/* Begin PBXProject section */
		FB1104594422A824B9EC522C /* Project object */ = {
			isa = PBXProject;
			attributes = {
				BuildIndependentTargetsInParallel = YES;
				LastUpgradeCheck = 1500;
				TargetAttributes = {
					481EC9593AF6DDC6C31B133E = {
						DevelopmentTeam = NCGL2D534N;
					};
					B97690C2A613A192770C7DB5 = {
						DevelopmentTeam = NCGL2D534N;
					};
					C4764EC708404CA0AE0CA3AC = {
						DevelopmentTeam = NCGL2D534N;
					};
				};
			};
			buildConfigurationList = DC8437A9EA423C5B5A0E1427 /* Build configuration list for PBXProject "DigitOracle" */;
			compatibilityVersion = "Xcode 14.0";
			developmentRegion = en;
			hasScannedForEncodings = 0;
			knownRegions = (
				Base,
				en,
			);
			mainGroup = 334A0100A0BA74101E73CAA4;
			minimizedProjectReferenceProxies = 1;
			preferredProjectObjectVersion = 77;
			projectDirPath = "";
			projectRoot = "";
			targets = (
				481EC9593AF6DDC6C31B133E /* DigitOracle */,
				B97690C2A613A192770C7DB5 /* DigitOracleShareExtension */,
				C4764EC708404CA0AE0CA3AC /* DigitOracleWidget */,
			);
		};
/* End PBXProject section */

/* Begin PBXResourcesBuildPhase section */
		256E7433DB198203B17EBBFB /* Resources */ = {
			isa = PBXResourcesBuildPhase;
			buildActionMask = 2147483647;
			files = (
				FE6EBADF44B1ADFD44E609E8 /* Assets.xcassets in Resources */,
				CC734AFAC909F858F0A2D267 /* Cinzel.ttf in Resources */,
			);
			runOnlyForDeploymentPostprocessing = 0;
		};
/* End PBXResourcesBuildPhase section */

/* Begin PBXSourcesBuildPhase section */
		35A2EA2EA187A7156498A4E6 /* Sources */ = {
			isa = PBXSourcesBuildPhase;
			buildActionMask = 2147483647;
			files = (
				60FE90CF5AF640DBBF22CC7F /* Achievement.swift in Sources */,
				A789E3AA0119BFD3B7B9229E /* AchievementDefinitions.swift in Sources */,
				9F79C067C630C34525B0A1BE /* AchievementEngine.swift in Sources */,
				3B5C9CF0067AAD2A364A8E9B /* AchievementsView.swift in Sources */,
				CD323EB3031352F2308980A1 /* ActivityViewController.swift in Sources */,
				7A23367ED02C0E09E2B394D2 /* Album.swift in Sources */,
				3631D8F9F8FDC28B07BE3D3F /* AlbumDetailView.swift in Sources */,
				6EEE46DCAD67440D7DCEC50B /* AlbumFormView.swift in Sources */,
				0B3CE8CF6920D236677F35B8 /* AlbumListView.swift in Sources */,
				841304159035FD98E14CA4DE /* AlbumPickerView.swift in Sources */,
				8BAF450F0FAA7E37A3D2D7A6 /* AppLockService.swift in Sources */,
				DBB92C92B4CDEAE7E42BC2EB /* AppLockView.swift in Sources */,
				FA9BD93AF69945CFB1BA1E13 /* AppTab.swift in Sources */,
				65FBB8C6172B939B792A5C8D /* BulkActionBar.swift in Sources */,
				C5CD27A25BB651F936CC2230 /* CalendarHeatmapView.swift in Sources */,
				EE8CF87800476D7D3578D3DC /* CameraControlsView.swift in Sources */,
				B82E52245473B2E52E8D90F4 /* CameraPreviewView.swift in Sources */,
				A74ABF374CE43BD18193E9D2 /* CameraService.swift in Sources */,
				EF433110142ECF2AC596150F /* CaptureView.swift in Sources */,
				9FA1CFB4C13A953F608B3CC9 /* CategoryBreakdownView.swift in Sources */,
				724A1A020FAE8B907C606BC2 /* CategoryDefinitions.swift in Sources */,
				C244E07526E2CE7FE11D11B3 /* Challenge.swift in Sources */,
				B5086C96937C0F3FC9AAA1F2 /* ChallengeEngine.swift in Sources */,
				E25D3E6DBB21CC6A97CDDCF1 /* ChallengeListView.swift in Sources */,
				2947E43B7A3549A9132F6CFA /* ChallengeTemplates.swift in Sources */,
				60A6D19F86BD37FD269F9EC1 /* Color+Theme.swift in Sources */,
				F13AF3F31C49FA73AE2CC49A /* Constants.swift in Sources */,
				CBAB9ABAD3A7AC7527C4E340 /* ContentView.swift in Sources */,
				0FC6243ADAEF7CEDCD8FC7C9 /* Date+Formatting.swift in Sources */,
				3C1B9438F74CDB75A550CF37 /* DetectionOverlayView.swift in Sources */,
				5B3B761E516187496F4ED3E9 /* DevotionsView.swift in Sources */,
				45EE33F746128C77C9AAC064 /* DigitOracleApp.swift in Sources */,
				0DE57B14BA561F9BA8479F1E /* DigitOracleShortcuts.swift in Sources */,
				A192E6E759E743B1C2F09270 /* FilterSheetView.swift in Sources */,
				2C4C90E32CA10454FB94FD63 /* FlowLayout.swift in Sources */,
				5B8B3945C943ABBED191148D /* Font+Theme.swift in Sources */,
				7B548A154F6295DDEF9E2EBF /* FullScreenImageView.swift in Sources */,
				BF681D6907E5441E8B9DA62D /* GameCenterService.swift in Sources */,
				0764F7B5C76D832DEA3EA79B /* HeatmapView.swift in Sources */,
				6196B9EE8027EDEE264AA1B0 /* IlluminatedTextModifier.swift in Sources */,
				5076CF83B10F3FF31A70FEEC /* ImageStorageService.swift in Sources */,
				E7EE1EEA7BFDEDCCCD710D53 /* Int+Pluralize.swift in Sources */,
				AB58BA3CF4711AD28892A99C /* LeaderboardView.swift in Sources */,
				62D1EAA718510EC279FDE82A /* LibraryScannerService.swift in Sources */,
				FC3B27897C61AC35E659243E /* LibraryScannerView.swift in Sources */,
				B5E88FAAB7B068176ACAE4B1 /* LiveDetectorService.swift in Sources */,
				A9A2D776CF86A252541759AC /* LiveDetectorView.swift in Sources */,
				35FE1A78FC37DC9511840E2C /* LocationService.swift in Sources */,
				11FE0CFE3A4DB776B13007E0 /* MetadataFormView.swift in Sources */,
				09B3B05ACDBE3199D53AB011 /* MonthlyDigestView.swift in Sources */,
				7966F46ACFAB1475894BE2E6 /* NotificationService.swift in Sources */,
				277D2F63807F72DB8C483C74 /* NotificationSettingsView.swift in Sources */,
				70EB1B45170849AF922D0B1F /* NumberSelectionView.swift in Sources */,
				EAE412770FC5F7607280086D /* OCRService.swift in Sources */,
				97579BDDF9E93796204AB344 /* OCRSettingsView.swift in Sources */,
				9B743E2ACB38EB27D4D771C1 /* OnThisDayView.swift in Sources */,
				7F19FACE0421D69FAC7AC706 /* OnboardingView.swift in Sources */,
				9C482960E601CACF0642FEA7 /* OracleButtonStyle.swift in Sources */,
				F78A63597F78550615BDFEF7 /* OracleCard.swift in Sources */,
				666D6BE109220D549B7410F3 /* OracleLoadingView.swift in Sources */,
				C46D3652B0687978B32C8FFF /* OracleTextService.swift in Sources */,
				5F1E1CEB2937CF1C6BF93A0E /* PendingSightingService.swift in Sources */,
				C8F6BCA78874D3779E5929F5 /* PhotoLibraryImageService.swift in Sources */,
				D84CEEFF708E0B8E3F1AFCD7 /* PhotoReviewView.swift in Sources */,
				E21F297BDA3CD418BF4F3E9F /* PreviewSampleData.swift in Sources */,
				3234647258D207917353B294 /* RarityBadge.swift in Sources */,
				4BE1C6A1F33F61F0F93F3953 /* RarityBorderModifier.swift in Sources */,
				1ACA75D63F12A6FE7DAD09C4 /* RarityCalculator.swift in Sources */,
				15ECE549E21EF9FD2CAE1039 /* ScanResultCard.swift in Sources */,
				9BE624E93A7E455F7FE5E6EE /* SecuritySettingsView.swift in Sources */,
				EF4DA1B0F6FED1395F383405 /* SettingsView.swift in Sources */,
				C4017C6723D23C76A75B4936 /* ShareCardRenderer.swift in Sources */,
				A63C0963B365440566A1B2C3 /* ShareCardView.swift in Sources */,
				83D3A56EDC671C50829983ED /* Sighting+ImageLoading.swift in Sources */,
				FB042085A3B24CDB4C93C791 /* Sighting.swift in Sources */,
				4078ACAB703957BC12DE2986 /* SightingCollectionCard.swift in Sources */,
				382B72FB51E144347C1BD19B /* SightingDetailView.swift in Sources */,
				50BE28444F39BD19E71D1701 /* SightingEditView.swift in Sources */,
				BC5B76348EEE365C0958B99D /* SightingImageSection.swift in Sources */,
				60051EEE24251E22D8279E82 /* SightingListView.swift in Sources */,
				0F68A3587E7A936E43C5957C /* SightingMatchCountsSection.swift in Sources */,
				7A33D5C4FADCBA15886A9816 /* SightingRowView.swift in Sources */,
				74CAB472AA04C8C8A043C77D /* SightingThumbnailView.swift in Sources */,
				AF89ED77149E48C7FC7CD4EC /* StatsCalculator.swift in Sources */,
				616E7DB2C2C66EF26B055399 /* StatsCards.swift in Sources */,
				359BDB7DA6FC6E934DBE1578 /* StatsOverviewView.swift in Sources */,
				DFC16786B9237A2D155F9E84 /* Tag.swift in Sources */,
				2160E39CE28EC7625184AF23 /* TimeCapsule.swift in Sources */,
				2C29F5A20F927DA3374A0AF1 /* TrackedNumberService.swift in Sources */,
				309EB94006E74B335868AF3C /* UserProfile.swift in Sources */,
				D6839CAB0EC41D174A590E5A /* WidgetDataService.swift in Sources */,
				73D3A5C2D175EA56EC25CAB5 /* WrappedView.swift in Sources */,
			);
			runOnlyForDeploymentPostprocessing = 0;
		};
		6CADB1373AADBFFF67DD862E /* Sources */ = {
			isa = PBXSourcesBuildPhase;
			buildActionMask = 2147483647;
			files = (
				DBB4AEC461C4A82933CFE943 /* Constants.swift in Sources */,
				219B2F394694176F05D849BF /* CountWidget.swift in Sources */,
				6C25DC845DFF1973E85F76F5 /* DigitOracleWidgets.swift in Sources */,
				402AEA9866010CFB9BFA52A9 /* QuickCaptureWidget.swift in Sources */,
				A568E0E27B079E12CB074B1A /* RecentSightingWidget.swift in Sources */,
				EFBB4E5FBBF8356537F8A6AB /* StreakWidget.swift in Sources */,
				BDD4C4DFD4171DF36E24E286 /* WidgetData.swift in Sources */,
			);
			runOnlyForDeploymentPostprocessing = 0;
		};
		91E02AE0F0EA449658A2AD34 /* Sources */ = {
			isa = PBXSourcesBuildPhase;
			buildActionMask = 2147483647;
			files = (
				23D5A75006D2A460EA3F92F1 /* Constants.swift in Sources */,
				C7E8D816BA27AA0423A39FFA /* PendingSightingService.swift in Sources */,
				4A5BCC74F8EA6F1B941C8E90 /* ShareExtensionView.swift in Sources */,
				D8C502A750EE908893801E6E /* ShareViewController.swift in Sources */,
			);
			runOnlyForDeploymentPostprocessing = 0;
		};
/* End PBXSourcesBuildPhase section */

/* Begin PBXTargetDependency section */
		39178058B6AA36736A6B48DD /* PBXTargetDependency */ = {
			isa = PBXTargetDependency;
			target = B97690C2A613A192770C7DB5 /* DigitOracleShareExtension */;
			targetProxy = F28745C23A1A16ACE38B4180 /* PBXContainerItemProxy */;
		};
		8E5F485076137D979250B61C /* PBXTargetDependency */ = {
			isa = PBXTargetDependency;
			target = C4764EC708404CA0AE0CA3AC /* DigitOracleWidget */;
			targetProxy = 6F8FE43C069298189772B061 /* PBXContainerItemProxy */;
		};
/* End PBXTargetDependency section */

/* Begin XCBuildConfiguration section */
		36AC6D3580B3F2ECC6313D15 /* Release */ = {
			isa = XCBuildConfiguration;
			buildSettings = {
				CODE_SIGN_ENTITLEMENTS = DigitOracleWidget/DigitOracleWidget.entitlements;
				CURRENT_PROJECT_VERSION = 20;
				INFOPLIST_FILE = DigitOracleWidget/Info.plist;
				LD_RUNPATH_SEARCH_PATHS = (
					"$(inherited)",
					"@executable_path/Frameworks",
					"@executable_path/../../Frameworks",
				);
				MARKETING_VERSION = 0.47.0;
				PRODUCT_BUNDLE_IDENTIFIER = com.digitoracle.app.widget;
				SDKROOT = iphoneos;
				TARGETED_DEVICE_FAMILY = "1,2";
			};
			name = Release;
		};
		471E5FB79257707C9634F75D /* Debug */ = {
			isa = XCBuildConfiguration;
			buildSettings = {
				ALWAYS_SEARCH_USER_PATHS = NO;
				CLANG_ANALYZER_NONNULL = YES;
				CLANG_ANALYZER_NUMBER_OBJECT_CONVERSION = YES_AGGRESSIVE;
				CLANG_CXX_LANGUAGE_STANDARD = "gnu++14";
				CLANG_CXX_LIBRARY = "libc++";
				CLANG_ENABLE_MODULES = YES;
				CLANG_ENABLE_OBJC_ARC = YES;
				CLANG_ENABLE_OBJC_WEAK = YES;
				CLANG_WARN_BLOCK_CAPTURE_AUTORELEASING = YES;
				CLANG_WARN_BOOL_CONVERSION = YES;
				CLANG_WARN_COMMA = YES;
				CLANG_WARN_CONSTANT_CONVERSION = YES;
				CLANG_WARN_DEPRECATED_OBJC_IMPLEMENTATIONS = YES;
				CLANG_WARN_DIRECT_OBJC_ISA_USAGE = YES_ERROR;
				CLANG_WARN_DOCUMENTATION_COMMENTS = YES;
				CLANG_WARN_EMPTY_BODY = YES;
				CLANG_WARN_ENUM_CONVERSION = YES;
				CLANG_WARN_INFINITE_RECURSION = YES;
				CLANG_WARN_INT_CONVERSION = YES;
				CLANG_WARN_NON_LITERAL_NULL_CONVERSION = YES;
				CLANG_WARN_OBJC_IMPLICIT_RETAIN_SELF = YES;
				CLANG_WARN_OBJC_LITERAL_CONVERSION = YES;
				CLANG_WARN_OBJC_ROOT_CLASS = YES_ERROR;
				CLANG_WARN_QUOTED_INCLUDE_IN_FRAMEWORK_HEADER = YES;
				CLANG_WARN_RANGE_LOOP_ANALYSIS = YES;
				CLANG_WARN_STRICT_PROTOTYPES = YES;
				CLANG_WARN_SUSPICIOUS_MOVE = YES;
				CLANG_WARN_UNGUARDED_AVAILABILITY = YES_AGGRESSIVE;
				CLANG_WARN_UNREACHABLE_CODE = YES;
				CLANG_WARN__DUPLICATE_METHOD_MATCH = YES;
				COPY_PHASE_STRIP = NO;
				DEBUG_INFORMATION_FORMAT = dwarf;
				DEVELOPMENT_TEAM = NCGL2D534N;
				ENABLE_STRICT_OBJC_MSGSEND = YES;
				ENABLE_TESTABILITY = YES;
				GCC_C_LANGUAGE_STANDARD = gnu11;
				GCC_DYNAMIC_NO_PIC = NO;
				GCC_NO_COMMON_BLOCKS = YES;
				GCC_OPTIMIZATION_LEVEL = 0;
				GCC_PREPROCESSOR_DEFINITIONS = (
					"$(inherited)",
					"DEBUG=1",
				);
				GCC_WARN_64_TO_32_BIT_CONVERSION = YES;
				GCC_WARN_ABOUT_RETURN_TYPE = YES_ERROR;
				GCC_WARN_UNDECLARED_SELECTOR = YES;
				GCC_WARN_UNINITIALIZED_AUTOS = YES_AGGRESSIVE;
				GCC_WARN_UNUSED_FUNCTION = YES;
				GCC_WARN_UNUSED_VARIABLE = YES;
				IPHONEOS_DEPLOYMENT_TARGET = 18.0;
				MTL_ENABLE_DEBUG_INFO = INCLUDE_SOURCE;
				MTL_FAST_MATH = YES;
				ONLY_ACTIVE_ARCH = YES;
				PRODUCT_NAME = "$(TARGET_NAME)";
				SDKROOT = iphoneos;
				SWIFT_ACTIVE_COMPILATION_CONDITIONS = DEBUG;
				SWIFT_OPTIMIZATION_LEVEL = "-Onone";
				SWIFT_VERSION = 5.9;
			};
			name = Debug;
		};
		4A6FA952742C08AF82E37DDE /* Release */ = {
			isa = XCBuildConfiguration;
			buildSettings = {
				ALWAYS_SEARCH_USER_PATHS = NO;
				CLANG_ANALYZER_NONNULL = YES;
				CLANG_ANALYZER_NUMBER_OBJECT_CONVERSION = YES_AGGRESSIVE;
				CLANG_CXX_LANGUAGE_STANDARD = "gnu++14";
				CLANG_CXX_LIBRARY = "libc++";
				CLANG_ENABLE_MODULES = YES;
				CLANG_ENABLE_OBJC_ARC = YES;
				CLANG_ENABLE_OBJC_WEAK = YES;
				CLANG_WARN_BLOCK_CAPTURE_AUTORELEASING = YES;
				CLANG_WARN_BOOL_CONVERSION = YES;
				CLANG_WARN_COMMA = YES;
				CLANG_WARN_CONSTANT_CONVERSION = YES;
				CLANG_WARN_DEPRECATED_OBJC_IMPLEMENTATIONS = YES;
				CLANG_WARN_DIRECT_OBJC_ISA_USAGE = YES_ERROR;
				CLANG_WARN_DOCUMENTATION_COMMENTS = YES;
				CLANG_WARN_EMPTY_BODY = YES;
				CLANG_WARN_ENUM_CONVERSION = YES;
				CLANG_WARN_INFINITE_RECURSION = YES;
				CLANG_WARN_INT_CONVERSION = YES;
				CLANG_WARN_NON_LITERAL_NULL_CONVERSION = YES;
				CLANG_WARN_OBJC_IMPLICIT_RETAIN_SELF = YES;
				CLANG_WARN_OBJC_LITERAL_CONVERSION = YES;
				CLANG_WARN_OBJC_ROOT_CLASS = YES_ERROR;
				CLANG_WARN_QUOTED_INCLUDE_IN_FRAMEWORK_HEADER = YES;
				CLANG_WARN_RANGE_LOOP_ANALYSIS = YES;
				CLANG_WARN_STRICT_PROTOTYPES = YES;
				CLANG_WARN_SUSPICIOUS_MOVE = YES;
				CLANG_WARN_UNGUARDED_AVAILABILITY = YES_AGGRESSIVE;
				CLANG_WARN_UNREACHABLE_CODE = YES;
				CLANG_WARN__DUPLICATE_METHOD_MATCH = YES;
				COPY_PHASE_STRIP = NO;
				DEBUG_INFORMATION_FORMAT = "dwarf-with-dsym";
				DEVELOPMENT_TEAM = NCGL2D534N;
				ENABLE_NS_ASSERTIONS = NO;
				ENABLE_STRICT_OBJC_MSGSEND = YES;
				GCC_C_LANGUAGE_STANDARD = gnu11;
				GCC_NO_COMMON_BLOCKS = YES;
				GCC_WARN_64_TO_32_BIT_CONVERSION = YES;
				GCC_WARN_ABOUT_RETURN_TYPE = YES_ERROR;
				GCC_WARN_UNDECLARED_SELECTOR = YES;
				GCC_WARN_UNINITIALIZED_AUTOS = YES_AGGRESSIVE;
				GCC_WARN_UNUSED_FUNCTION = YES;
				GCC_WARN_UNUSED_VARIABLE = YES;
				IPHONEOS_DEPLOYMENT_TARGET = 18.0;
				MTL_ENABLE_DEBUG_INFO = NO;
				MTL_FAST_MATH = YES;
				PRODUCT_NAME = "$(TARGET_NAME)";
				SDKROOT = iphoneos;
				SWIFT_COMPILATION_MODE = wholemodule;
				SWIFT_OPTIMIZATION_LEVEL = "-O";
				SWIFT_VERSION = 5.9;
			};
			name = Release;
		};
		7FDD71DCC153DDA0F6EB5356 /* Debug */ = {
			isa = XCBuildConfiguration;
			buildSettings = {
				ASSETCATALOG_COMPILER_APPICON_NAME = AppIcon;
				ASSETCATALOG_COMPILER_GLOBAL_ACCENT_COLOR_NAME = AccentColor;
				CODE_SIGN_ENTITLEMENTS = DigitOracle/DigitOracle.entitlements;
				CODE_SIGN_IDENTITY = "iPhone Developer";
				CURRENT_PROJECT_VERSION = 20;
				FRAMEWORK_SEARCH_PATHS = (
					"$(inherited)",
					"\".\"",
				);
				INFOPLIST_FILE = DigitOracle/Info.plist;
				LD_RUNPATH_SEARCH_PATHS = (
					"$(inherited)",
					"@executable_path/Frameworks",
				);
				MARKETING_VERSION = 0.47.0;
				PRODUCT_BUNDLE_IDENTIFIER = com.digitoracle.app;
				SDKROOT = iphoneos;
				TARGETED_DEVICE_FAMILY = "1,2";
			};
			name = Debug;
		};
		8266483FBFF9CE9B7D871390 /* Debug */ = {
			isa = XCBuildConfiguration;
			buildSettings = {
				CODE_SIGN_ENTITLEMENTS = DigitOracleShareExtension/DigitOracleShareExtension.entitlements;
				CURRENT_PROJECT_VERSION = 20;
				INFOPLIST_FILE = DigitOracleShareExtension/Info.plist;
				LD_RUNPATH_SEARCH_PATHS = (
					"$(inherited)",
					"@executable_path/Frameworks",
					"@executable_path/../../Frameworks",
				);
				MARKETING_VERSION = 0.47.0;
				PRODUCT_BUNDLE_IDENTIFIER = com.digitoracle.app.share;
				SDKROOT = iphoneos;
				TARGETED_DEVICE_FAMILY = "1,2";
			};
			name = Debug;
		};
		AF4D85632F7499F5074ED712 /* Release */ = {
			isa = XCBuildConfiguration;
			buildSettings = {
				ASSETCATALOG_COMPILER_APPICON_NAME = AppIcon;
				ASSETCATALOG_COMPILER_GLOBAL_ACCENT_COLOR_NAME = AccentColor;
				CODE_SIGN_ENTITLEMENTS = DigitOracle/DigitOracle.entitlements;
				CODE_SIGN_IDENTITY = "iPhone Developer";
				CURRENT_PROJECT_VERSION = 20;
				FRAMEWORK_SEARCH_PATHS = (
					"$(inherited)",
					"\".\"",
				);
				INFOPLIST_FILE = DigitOracle/Info.plist;
				LD_RUNPATH_SEARCH_PATHS = (
					"$(inherited)",
					"@executable_path/Frameworks",
				);
				MARKETING_VERSION = 0.47.0;
				PRODUCT_BUNDLE_IDENTIFIER = com.digitoracle.app;
				SDKROOT = iphoneos;
				TARGETED_DEVICE_FAMILY = "1,2";
			};
			name = Release;
		};
		D02DE2846A7C485B88FFBF2D /* Release */ = {
			isa = XCBuildConfiguration;
			buildSettings = {
				CODE_SIGN_ENTITLEMENTS = DigitOracleShareExtension/DigitOracleShareExtension.entitlements;
				CURRENT_PROJECT_VERSION = 20;
				INFOPLIST_FILE = DigitOracleShareExtension/Info.plist;
				LD_RUNPATH_SEARCH_PATHS = (
					"$(inherited)",
					"@executable_path/Frameworks",
					"@executable_path/../../Frameworks",
				);
				MARKETING_VERSION = 0.47.0;
				PRODUCT_BUNDLE_IDENTIFIER = com.digitoracle.app.share;
				SDKROOT = iphoneos;
				TARGETED_DEVICE_FAMILY = "1,2";
			};
			name = Release;
		};
		FEDED8D3AB372D64CCE0A0EB /* Debug */ = {
			isa = XCBuildConfiguration;
			buildSettings = {
				CODE_SIGN_ENTITLEMENTS = DigitOracleWidget/DigitOracleWidget.entitlements;
				CURRENT_PROJECT_VERSION = 20;
				INFOPLIST_FILE = DigitOracleWidget/Info.plist;
				LD_RUNPATH_SEARCH_PATHS = (
					"$(inherited)",
					"@executable_path/Frameworks",
					"@executable_path/../../Frameworks",
				);
				MARKETING_VERSION = 0.47.0;
				PRODUCT_BUNDLE_IDENTIFIER = com.digitoracle.app.widget;
				SDKROOT = iphoneos;
				TARGETED_DEVICE_FAMILY = "1,2";
			};
			name = Debug;
		};
/* End XCBuildConfiguration section */

/* Begin XCConfigurationList section */
		4E07DBCC799EA85FF9D6AAF2 /* Build configuration list for PBXNativeTarget "DigitOracleShareExtension" */ = {
			isa = XCConfigurationList;
			buildConfigurations = (
				8266483FBFF9CE9B7D871390 /* Debug */,
				D02DE2846A7C485B88FFBF2D /* Release */,
			);
			defaultConfigurationIsVisible = 0;
			defaultConfigurationName = Debug;
		};
		61E6A7EB63148DC354AD6DA1 /* Build configuration list for PBXNativeTarget "DigitOracle" */ = {
			isa = XCConfigurationList;
			buildConfigurations = (
				7FDD71DCC153DDA0F6EB5356 /* Debug */,
				AF4D85632F7499F5074ED712 /* Release */,
			);
			defaultConfigurationIsVisible = 0;
			defaultConfigurationName = Debug;
		};
		DC8437A9EA423C5B5A0E1427 /* Build configuration list for PBXProject "DigitOracle" */ = {
			isa = XCConfigurationList;
			buildConfigurations = (
				471E5FB79257707C9634F75D /* Debug */,
				4A6FA952742C08AF82E37DDE /* Release */,
			);
			defaultConfigurationIsVisible = 0;
			defaultConfigurationName = Debug;
		};
		F3FDF3A510742D468E61B8B9 /* Build configuration list for PBXNativeTarget "DigitOracleWidget" */ = {
			isa = XCConfigurationList;
			buildConfigurations = (
				FEDED8D3AB372D64CCE0A0EB /* Debug */,
				36AC6D3580B3F2ECC6313D15 /* Release */,
			);
			defaultConfigurationIsVisible = 0;
			defaultConfigurationName = Debug;
		};
/* End XCConfigurationList section */
	};
	rootObject = FB1104594422A824B9EC522C /* Project object */;
}
